// !$*UTF8*$!
{
	archiveVersion = 1;
	classes = {
	};
	objectVersion = 46;
	objects = {

/* Begin PBXBuildFile section */
		385752A81C41F92100325909 /* JMFileTools.m in Sources */ = {isa = PBXBuildFile; fileRef = 385752A71C41F92100325909 /* JMFileTools.m */; };
		385752AE1C4352DC00325909 /* JMCountdownButton.m in Sources */ = {isa = PBXBuildFile; fileRef = 385752AD1C4352DC00325909 /* JMCountdownButton.m */; };
		386B479B1C586BD800A9F1B1 /* JMExampleBannerCtrl.m in Sources */ = {isa = PBXBuildFile; fileRef = 386B47991C586BD800A9F1B1 /* JMExampleBannerCtrl.m */; };
		386B479C1C586BD800A9F1B1 /* JMExampleBannerCtrl.xib in Resources */ = {isa = PBXBuildFile; fileRef = 386B479A1C586BD800A9F1B1 /* JMExampleBannerCtrl.xib */; };
		387A2BDF1C5872A200C1E262 /* JMExampleTableCtrl.m in Sources */ = {isa = PBXBuildFile; fileRef = 387A2BDE1C5872A200C1E262 /* JMExampleTableCtrl.m */; };
		387A2BE11C58A65900C1E262 /* Images.xcassets in Resources */ = {isa = PBXBuildFile; fileRef = 387A2BE01C58A65900C1E262 /* Images.xcassets */; };
		38909B341C33F129003A2882 /* JMButtonGroup.m in Sources */ = {isa = PBXBuildFile; fileRef = 38909B331C33F129003A2882 /* JMButtonGroup.m */; };
		38E050AE1C3CA9AF00BD2FE4 /* JMDirectoryMan.m in Sources */ = {isa = PBXBuildFile; fileRef = 38E050AD1C3CA9AE00BD2FE4 /* JMDirectoryMan.m */; };
		691BCB02BB5F2ACB5E05A3FF /* libPods-JMTools.a in Frameworks */ = {isa = PBXBuildFile; fileRef = C05D4BBF02A2DA0C823BA3E5 /* libPods-JMTools.a */; };
		D060B8AE1C57CEC8007F9DC0 /* JMBannerView.m in Sources */ = {isa = PBXBuildFile; fileRef = D060B8AD1C57CEC8007F9DC0 /* JMBannerView.m */; };
		D06FF28B1C317B7700AFA9C8 /* main.m in Sources */ = {isa = PBXBuildFile; fileRef = D06FF28A1C317B7700AFA9C8 /* main.m */; };
		D06FF28E1C317B7700AFA9C8 /* AppDelegate.m in Sources */ = {isa = PBXBuildFile; fileRef = D06FF28D1C317B7700AFA9C8 /* AppDelegate.m */; };
		D06FF2941C317B7700AFA9C8 /* Main.storyboard in Resources */ = {isa = PBXBuildFile; fileRef = D06FF2921C317B7700AFA9C8 /* Main.storyboard */; };
		D06FF2961C317B7700AFA9C8 /* Assets.xcassets in Resources */ = {isa = PBXBuildFile; fileRef = D06FF2951C317B7700AFA9C8 /* Assets.xcassets */; };
		D06FF2991C317B7700AFA9C8 /* LaunchScreen.storyboard in Resources */ = {isa = PBXBuildFile; fileRef = D06FF2971C317B7700AFA9C8 /* LaunchScreen.storyboard */; };
		D06FF2A41C317B7700AFA9C8 /* JMToolsTests.m in Sources */ = {isa = PBXBuildFile; fileRef = D06FF2A31C317B7700AFA9C8 /* JMToolsTests.m */; };
		D06FF2BC1C317BA000AFA9C8 /* JMChooseImageHelper.m in Sources */ = {isa = PBXBuildFile; fileRef = D06FF2B01C317BA000AFA9C8 /* JMChooseImageHelper.m */; };
		D06FF2BD1C317BA000AFA9C8 /* JMTimeHelper.m in Sources */ = {isa = PBXBuildFile; fileRef = D06FF2B21C317BA000AFA9C8 /* JMTimeHelper.m */; };
		D06FF2BE1C317BA000AFA9C8 /* JMZoomScaleCell.m in Sources */ = {isa = PBXBuildFile; fileRef = D06FF2B51C317BA000AFA9C8 /* JMZoomScaleCell.m */; };
		D06FF2BF1C317BA000AFA9C8 /* JMZoomScaleView.m in Sources */ = {isa = PBXBuildFile; fileRef = D06FF2B71C317BA000AFA9C8 /* JMZoomScaleView.m */; };
		D06FF2C01C317BA000AFA9C8 /* JMZoomScaleView.xib in Resources */ = {isa = PBXBuildFile; fileRef = D06FF2B81C317BA000AFA9C8 /* JMZoomScaleView.xib */; };
		D06FF2C11C317BA000AFA9C8 /* JMZoomScaleViewCtrl.m in Sources */ = {isa = PBXBuildFile; fileRef = D06FF2BA1C317BA000AFA9C8 /* JMZoomScaleViewCtrl.m */; };
		D06FF2C21C317BA000AFA9C8 /* JMZoomScaleViewCtrl.xib in Resources */ = {isa = PBXBuildFile; fileRef = D06FF2BB1C317BA000AFA9C8 /* JMZoomScaleViewCtrl.xib */; };
		D06FF2C81C318B0700AFA9C8 /* JMLineView.m in Sources */ = {isa = PBXBuildFile; fileRef = D06FF2C71C318B0700AFA9C8 /* JMLineView.m */; };
		D06FF2CF1C39487800AFA9C8 /* JMAesHelper.m in Sources */ = {isa = PBXBuildFile; fileRef = D06FF2CE1C39487800AFA9C8 /* JMAesHelper.m */; };
		D80936F91CDDC8C400866E5E /* JMMaskView.m in Sources */ = {isa = PBXBuildFile; fileRef = D80936F81CDDC8C400866E5E /* JMMaskView.m */; };
		D83C0B861CCF461C00DE3070 /* JMIndexHelper.m in Sources */ = {isa = PBXBuildFile; fileRef = D83C0B851CCF461C00DE3070 /* JMIndexHelper.m */; };
		D8436F551CEF06FB001F663D /* JMControllerTransitionBase.m in Sources */ = {isa = PBXBuildFile; fileRef = D8436F541CEF06FB001F663D /* JMControllerTransitionBase.m */; };
		D8436F581CEF0747001F663D /* JMControllerTransitionPush.m in Sources */ = {isa = PBXBuildFile; fileRef = D8436F571CEF0747001F663D /* JMControllerTransitionPush.m */; };
		D8436F5C1CEF0C45001F663D /* JMExampleTransitionCtrl.m in Sources */ = {isa = PBXBuildFile; fileRef = D8436F5A1CEF0C45001F663D /* JMExampleTransitionCtrl.m */; };
		D8436F5D1CEF0C45001F663D /* JMExampleTransitionCtrl.xib in Resources */ = {isa = PBXBuildFile; fileRef = D8436F5B1CEF0C45001F663D /* JMExampleTransitionCtrl.xib */; };
		D8CD98401CBBCD0E00FEA296 /* JMUISugar.m in Sources */ = {isa = PBXBuildFile; fileRef = D8CD983F1CBBCD0E00FEA296 /* JMUISugar.m */; };
/* End PBXBuildFile section */

/* Begin PBXContainerItemProxy section */
		D06FF2A01C317B7700AFA9C8 /* PBXContainerItemProxy */ = {
			isa = PBXContainerItemProxy;
			containerPortal = D06FF27E1C317B7700AFA9C8 /* Project object */;
			proxyType = 1;
			remoteGlobalIDString = D06FF2851C317B7700AFA9C8;
			remoteInfo = JMTools;
		};
/* End PBXContainerItemProxy section */

/* Begin PBXFileReference section */
		385752A61C41F92100325909 /* JMFileTools.h */ = {isa = PBXFileReference; fileEncoding = 4; lastKnownFileType = sourcecode.c.h; path = JMFileTools.h; sourceTree = "<group>"; };
		385752A71C41F92100325909 /* JMFileTools.m */ = {isa = PBXFileReference; fileEncoding = 4; lastKnownFileType = sourcecode.c.objc; path = JMFileTools.m; sourceTree = "<group>"; };
		385752AC1C4352DC00325909 /* JMCountdownButton.h */ = {isa = PBXFileReference; fileEncoding = 4; lastKnownFileType = sourcecode.c.h; path = JMCountdownButton.h; sourceTree = "<group>"; };
		385752AD1C4352DC00325909 /* JMCountdownButton.m */ = {isa = PBXFileReference; fileEncoding = 4; lastKnownFileType = sourcecode.c.objc; path = JMCountdownButton.m; sourceTree = "<group>"; };
		386B47981C586BD800A9F1B1 /* JMExampleBannerCtrl.h */ = {isa = PBXFileReference; fileEncoding = 4; lastKnownFileType = sourcecode.c.h; path = JMExampleBannerCtrl.h; sourceTree = "<group>"; };
		386B47991C586BD800A9F1B1 /* JMExampleBannerCtrl.m */ = {isa = PBXFileReference; fileEncoding = 4; lastKnownFileType = sourcecode.c.objc; path = JMExampleBannerCtrl.m; sourceTree = "<group>"; };
		386B479A1C586BD800A9F1B1 /* JMExampleBannerCtrl.xib */ = {isa = PBXFileReference; fileEncoding = 4; lastKnownFileType = file.xib; path = JMExampleBannerCtrl.xib; sourceTree = "<group>"; };
		387A2BDD1C5872A200C1E262 /* JMExampleTableCtrl.h */ = {isa = PBXFileReference; fileEncoding = 4; lastKnownFileType = sourcecode.c.h; path = JMExampleTableCtrl.h; sourceTree = "<group>"; };
		387A2BDE1C5872A200C1E262 /* JMExampleTableCtrl.m */ = {isa = PBXFileReference; fileEncoding = 4; lastKnownFileType = sourcecode.c.objc; path = JMExampleTableCtrl.m; sourceTree = "<group>"; };
		387A2BE01C58A65900C1E262 /* Images.xcassets */ = {isa = PBXFileReference; lastKnownFileType = folder.assetcatalog; path = Images.xcassets; sourceTree = "<group>"; };
		38909B321C33F129003A2882 /* JMButtonGroup.h */ = {isa = PBXFileReference; fileEncoding = 4; lastKnownFileType = sourcecode.c.h; path = JMButtonGroup.h; sourceTree = "<group>"; };
		38909B331C33F129003A2882 /* JMButtonGroup.m */ = {isa = PBXFileReference; fileEncoding = 4; lastKnownFileType = sourcecode.c.objc; path = JMButtonGroup.m; sourceTree = "<group>"; };
		38E050AC1C3CA9AE00BD2FE4 /* JMDirectoryMan.h */ = {isa = PBXFileReference; fileEncoding = 4; lastKnownFileType = sourcecode.c.h; path = JMDirectoryMan.h; sourceTree = "<group>"; };
		38E050AD1C3CA9AE00BD2FE4 /* JMDirectoryMan.m */ = {isa = PBXFileReference; fileEncoding = 4; lastKnownFileType = sourcecode.c.objc; path = JMDirectoryMan.m; sourceTree = "<group>"; };
		5A8C471E68E538402A27A60E /* Pods-JMTools.debug.xcconfig */ = {isa = PBXFileReference; includeInIndex = 1; lastKnownFileType = text.xcconfig; name = "Pods-JMTools.debug.xcconfig"; path = "Pods/Target Support Files/Pods-JMTools/Pods-JMTools.debug.xcconfig"; sourceTree = "<group>"; };
		85F986BEF66368EE13B865A2 /* Pods-JMTools.release.xcconfig */ = {isa = PBXFileReference; includeInIndex = 1; lastKnownFileType = text.xcconfig; name = "Pods-JMTools.release.xcconfig"; path = "Pods/Target Support Files/Pods-JMTools/Pods-JMTools.release.xcconfig"; sourceTree = "<group>"; };
		C05D4BBF02A2DA0C823BA3E5 /* libPods-JMTools.a */ = {isa = PBXFileReference; explicitFileType = archive.ar; includeInIndex = 0; path = "libPods-JMTools.a"; sourceTree = BUILT_PRODUCTS_DIR; };
		D060B8AC1C57CEC8007F9DC0 /* JMBannerView.h */ = {isa = PBXFileReference; fileEncoding = 4; lastKnownFileType = sourcecode.c.h; path = JMBannerView.h; sourceTree = "<group>"; };
		D060B8AD1C57CEC8007F9DC0 /* JMBannerView.m */ = {isa = PBXFileReference; fileEncoding = 4; lastKnownFileType = sourcecode.c.objc; path = JMBannerView.m; sourceTree = "<group>"; };
		D06FF2861C317B7700AFA9C8 /* JMTools.app */ = {isa = PBXFileReference; explicitFileType = wrapper.application; includeInIndex = 0; path = JMTools.app; sourceTree = BUILT_PRODUCTS_DIR; };
		D06FF28A1C317B7700AFA9C8 /* main.m */ = {isa = PBXFileReference; lastKnownFileType = sourcecode.c.objc; path = main.m; sourceTree = "<group>"; };
		D06FF28C1C317B7700AFA9C8 /* AppDelegate.h */ = {isa = PBXFileReference; lastKnownFileType = sourcecode.c.h; path = AppDelegate.h; sourceTree = "<group>"; };
		D06FF28D1C317B7700AFA9C8 /* AppDelegate.m */ = {isa = PBXFileReference; lastKnownFileType = sourcecode.c.objc; path = AppDelegate.m; sourceTree = "<group>"; };
		D06FF2931C317B7700AFA9C8 /* Base */ = {isa = PBXFileReference; lastKnownFileType = file.storyboard; name = Base; path = Base.lproj/Main.storyboard; sourceTree = "<group>"; };
		D06FF2951C317B7700AFA9C8 /* Assets.xcassets */ = {isa = PBXFileReference; lastKnownFileType = folder.assetcatalog; path = Assets.xcassets; sourceTree = "<group>"; };
		D06FF2981C317B7700AFA9C8 /* Base */ = {isa = PBXFileReference; lastKnownFileType = file.storyboard; name = Base; path = Base.lproj/LaunchScreen.storyboard; sourceTree = "<group>"; };
		D06FF29A1C317B7700AFA9C8 /* Info.plist */ = {isa = PBXFileReference; lastKnownFileType = text.plist.xml; path = Info.plist; sourceTree = "<group>"; };
		D06FF29F1C317B7700AFA9C8 /* JMToolsTests.xctest */ = {isa = PBXFileReference; explicitFileType = wrapper.cfbundle; includeInIndex = 0; path = JMToolsTests.xctest; sourceTree = BUILT_PRODUCTS_DIR; };
		D06FF2A31C317B7700AFA9C8 /* JMToolsTests.m */ = {isa = PBXFileReference; lastKnownFileType = sourcecode.c.objc; path = JMToolsTests.m; sourceTree = "<group>"; };
		D06FF2A51C317B7700AFA9C8 /* Info.plist */ = {isa = PBXFileReference; lastKnownFileType = text.plist.xml; path = Info.plist; sourceTree = "<group>"; };
		D06FF2AF1C317BA000AFA9C8 /* JMChooseImageHelper.h */ = {isa = PBXFileReference; fileEncoding = 4; lastKnownFileType = sourcecode.c.h; path = JMChooseImageHelper.h; sourceTree = "<group>"; };
		D06FF2B01C317BA000AFA9C8 /* JMChooseImageHelper.m */ = {isa = PBXFileReference; fileEncoding = 4; lastKnownFileType = sourcecode.c.objc; path = JMChooseImageHelper.m; sourceTree = "<group>"; };
		D06FF2B11C317BA000AFA9C8 /* JMTimeHelper.h */ = {isa = PBXFileReference; fileEncoding = 4; lastKnownFileType = sourcecode.c.h; path = JMTimeHelper.h; sourceTree = "<group>"; };
		D06FF2B21C317BA000AFA9C8 /* JMTimeHelper.m */ = {isa = PBXFileReference; fileEncoding = 4; lastKnownFileType = sourcecode.c.objc; path = JMTimeHelper.m; sourceTree = "<group>"; };
		D06FF2B41C317BA000AFA9C8 /* JMZoomScaleCell.h */ = {isa = PBXFileReference; fileEncoding = 4; lastKnownFileType = sourcecode.c.h; path = JMZoomScaleCell.h; sourceTree = "<group>"; };
		D06FF2B51C317BA000AFA9C8 /* JMZoomScaleCell.m */ = {isa = PBXFileReference; fileEncoding = 4; lastKnownFileType = sourcecode.c.objc; path = JMZoomScaleCell.m; sourceTree = "<group>"; };
		D06FF2B61C317BA000AFA9C8 /* JMZoomScaleView.h */ = {isa = PBXFileReference; fileEncoding = 4; lastKnownFileType = sourcecode.c.h; path = JMZoomScaleView.h; sourceTree = "<group>"; };
		D06FF2B71C317BA000AFA9C8 /* JMZoomScaleView.m */ = {isa = PBXFileReference; fileEncoding = 4; lastKnownFileType = sourcecode.c.objc; path = JMZoomScaleView.m; sourceTree = "<group>"; };
		D06FF2B81C317BA000AFA9C8 /* JMZoomScaleView.xib */ = {isa = PBXFileReference; fileEncoding = 4; lastKnownFileType = file.xib; path = JMZoomScaleView.xib; sourceTree = "<group>"; };
		D06FF2B91C317BA000AFA9C8 /* JMZoomScaleViewCtrl.h */ = {isa = PBXFileReference; fileEncoding = 4; lastKnownFileType = sourcecode.c.h; path = JMZoomScaleViewCtrl.h; sourceTree = "<group>"; };
		D06FF2BA1C317BA000AFA9C8 /* JMZoomScaleViewCtrl.m */ = {isa = PBXFileReference; fileEncoding = 4; lastKnownFileType = sourcecode.c.objc; path = JMZoomScaleViewCtrl.m; sourceTree = "<group>"; };
		D06FF2BB1C317BA000AFA9C8 /* JMZoomScaleViewCtrl.xib */ = {isa = PBXFileReference; fileEncoding = 4; lastKnownFileType = file.xib; path = JMZoomScaleViewCtrl.xib; sourceTree = "<group>"; };
		D06FF2C31C31830C00AFA9C8 /* JMTools.podspec */ = {isa = PBXFileReference; lastKnownFileType = text; path = JMTools.podspec; sourceTree = "<group>"; };
		D06FF2C41C31833200AFA9C8 /* README.md */ = {isa = PBXFileReference; lastKnownFileType = net.daringfireball.markdown; path = README.md; sourceTree = "<group>"; };
		D06FF2C61C318B0700AFA9C8 /* JMLineView.h */ = {isa = PBXFileReference; fileEncoding = 4; lastKnownFileType = sourcecode.c.h; path = JMLineView.h; sourceTree = "<group>"; };
		D06FF2C71C318B0700AFA9C8 /* JMLineView.m */ = {isa = PBXFileReference; fileEncoding = 4; lastKnownFileType = sourcecode.c.objc; path = JMLineView.m; sourceTree = "<group>"; };
		D06FF2CD1C39487800AFA9C8 /* JMAesHelper.h */ = {isa = PBXFileReference; fileEncoding = 4; lastKnownFileType = sourcecode.c.h; path = JMAesHelper.h; sourceTree = "<group>"; };
		D06FF2CE1C39487800AFA9C8 /* JMAesHelper.m */ = {isa = PBXFileReference; fileEncoding = 4; lastKnownFileType = sourcecode.c.objc; path = JMAesHelper.m; sourceTree = "<group>"; };
		D80936F71CDDC8C400866E5E /* JMMaskView.h */ = {isa = PBXFileReference; fileEncoding = 4; lastKnownFileType = sourcecode.c.h; path = JMMaskView.h; sourceTree = "<group>"; };
		D80936F81CDDC8C400866E5E /* JMMaskView.m */ = {isa = PBXFileReference; fileEncoding = 4; lastKnownFileType = sourcecode.c.objc; path = JMMaskView.m; sourceTree = "<group>"; };
		D83C0B841CCF461C00DE3070 /* JMIndexHelper.h */ = {isa = PBXFileReference; fileEncoding = 4; lastKnownFileType = sourcecode.c.h; path = JMIndexHelper.h; sourceTree = "<group>"; };
		D83C0B851CCF461C00DE3070 /* JMIndexHelper.m */ = {isa = PBXFileReference; fileEncoding = 4; lastKnownFileType = sourcecode.c.objc; path = JMIndexHelper.m; sourceTree = "<group>"; };
		D8436F531CEF06FB001F663D /* JMControllerTransitionBase.h */ = {isa = PBXFileReference; fileEncoding = 4; lastKnownFileType = sourcecode.c.h; path = JMControllerTransitionBase.h; sourceTree = "<group>"; };
		D8436F541CEF06FB001F663D /* JMControllerTransitionBase.m */ = {isa = PBXFileReference; fileEncoding = 4; lastKnownFileType = sourcecode.c.objc; path = JMControllerTransitionBase.m; sourceTree = "<group>"; };
		D8436F561CEF0747001F663D /* JMControllerTransitionPush.h */ = {isa = PBXFileReference; fileEncoding = 4; lastKnownFileType = sourcecode.c.h; path = JMControllerTransitionPush.h; sourceTree = "<group>"; };
		D8436F571CEF0747001F663D /* JMControllerTransitionPush.m */ = {isa = PBXFileReference; fileEncoding = 4; lastKnownFileType = sourcecode.c.objc; path = JMControllerTransitionPush.m; sourceTree = "<group>"; };
		D8436F591CEF0C45001F663D /* JMExampleTransitionCtrl.h */ = {isa = PBXFileReference; fileEncoding = 4; lastKnownFileType = sourcecode.c.h; path = JMExampleTransitionCtrl.h; sourceTree = "<group>"; };
		D8436F5A1CEF0C45001F663D /* JMExampleTransitionCtrl.m */ = {isa = PBXFileReference; fileEncoding = 4; lastKnownFileType = sourcecode.c.objc; path = JMExampleTransitionCtrl.m; sourceTree = "<group>"; };
		D8436F5B1CEF0C45001F663D /* JMExampleTransitionCtrl.xib */ = {isa = PBXFileReference; fileEncoding = 4; lastKnownFileType = file.xib; path = JMExampleTransitionCtrl.xib; sourceTree = "<group>"; };
		D8CD983F1CBBCD0E00FEA296 /* JMUISugar.m */ = {isa = PBXFileReference; fileEncoding = 4; lastKnownFileType = sourcecode.c.objc; path = JMUISugar.m; sourceTree = "<group>"; };
		D8D527E21CAE534F009A21F3 /* JMUISugar.h */ = {isa = PBXFileReference; lastKnownFileType = sourcecode.c.h; path = JMUISugar.h; sourceTree = "<group>"; };
/* End PBXFileReference section */

/* Begin PBXFrameworksBuildPhase section */
		D06FF2831C317B7700AFA9C8 /* Frameworks */ = {
			isa = PBXFrameworksBuildPhase;
			buildActionMask = 2147483647;
			files = (
				691BCB02BB5F2ACB5E05A3FF /* libPods-JMTools.a in Frameworks */,
			);
			runOnlyForDeploymentPostprocessing = 0;
		};
		D06FF29C1C317B7700AFA9C8 /* Frameworks */ = {
			isa = PBXFrameworksBuildPhase;
			buildActionMask = 2147483647;
			files = (
			);
			runOnlyForDeploymentPostprocessing = 0;
		};
/* End PBXFrameworksBuildPhase section */

/* Begin PBXGroup section */
		3216610FE8D6A7C8C1B4C5A9 /* Pods */ = {
			isa = PBXGroup;
			children = (
				5A8C471E68E538402A27A60E /* Pods-JMTools.debug.xcconfig */,
				85F986BEF66368EE13B865A2 /* Pods-JMTools.release.xcconfig */,
			);
			name = Pods;
			sourceTree = "<group>";
		};
		386B47971C586B8D00A9F1B1 /* Example */ = {
			isa = PBXGroup;
			children = (
				386B47981C586BD800A9F1B1 /* JMExampleBannerCtrl.h */,
				386B47991C586BD800A9F1B1 /* JMExampleBannerCtrl.m */,
				386B479A1C586BD800A9F1B1 /* JMExampleBannerCtrl.xib */,
				D8436F591CEF0C45001F663D /* JMExampleTransitionCtrl.h */,
				D8436F5A1CEF0C45001F663D /* JMExampleTransitionCtrl.m */,
				D8436F5B1CEF0C45001F663D /* JMExampleTransitionCtrl.xib */,
			);
			name = Example;
			path = JMTools/Example;
			sourceTree = "<group>";
		};
		D06FF27D1C317B7700AFA9C8 = {
			isa = PBXGroup;
			children = (
				D06FF2C41C31833200AFA9C8 /* README.md */,
				D06FF2C31C31830C00AFA9C8 /* JMTools.podspec */,
				387A2BE01C58A65900C1E262 /* Images.xcassets */,
				386B47971C586B8D00A9F1B1 /* Example */,
				D06FF2881C317B7700AFA9C8 /* JMTools */,
				D06FF2A21C317B7700AFA9C8 /* JMToolsTests */,
				D06FF2871C317B7700AFA9C8 /* Products */,
				3216610FE8D6A7C8C1B4C5A9 /* Pods */,
				DDE6491E9E1F8143B2F88AFA /* Frameworks */,
			);
			sourceTree = "<group>";
		};
		D06FF2871C317B7700AFA9C8 /* Products */ = {
			isa = PBXGroup;
			children = (
				D06FF2861C317B7700AFA9C8 /* JMTools.app */,
				D06FF29F1C317B7700AFA9C8 /* JMToolsTests.xctest */,
			);
			name = Products;
			sourceTree = "<group>";
		};
		D06FF2881C317B7700AFA9C8 /* JMTools */ = {
			isa = PBXGroup;
			children = (
				D06FF28C1C317B7700AFA9C8 /* AppDelegate.h */,
				D06FF28D1C317B7700AFA9C8 /* AppDelegate.m */,
				D06FF2AE1C317BA000AFA9C8 /* JMTools */,
				D06FF2921C317B7700AFA9C8 /* Main.storyboard */,
				D06FF2951C317B7700AFA9C8 /* Assets.xcassets */,
				D06FF2971C317B7700AFA9C8 /* LaunchScreen.storyboard */,
				D06FF29A1C317B7700AFA9C8 /* Info.plist */,
				D06FF2891C317B7700AFA9C8 /* Supporting Files */,
				387A2BDD1C5872A200C1E262 /* JMExampleTableCtrl.h */,
				387A2BDE1C5872A200C1E262 /* JMExampleTableCtrl.m */,
			);
			path = JMTools;
			sourceTree = "<group>";
		};
		D06FF2891C317B7700AFA9C8 /* Supporting Files */ = {
			isa = PBXGroup;
			children = (
				D06FF28A1C317B7700AFA9C8 /* main.m */,
			);
			name = "Supporting Files";
			sourceTree = "<group>";
		};
		D06FF2A21C317B7700AFA9C8 /* JMToolsTests */ = {
			isa = PBXGroup;
			children = (
				D06FF2A31C317B7700AFA9C8 /* JMToolsTests.m */,
				D06FF2A51C317B7700AFA9C8 /* Info.plist */,
			);
			path = JMToolsTests;
			sourceTree = "<group>";
		};
		D06FF2AE1C317BA000AFA9C8 /* JMTools */ = {
			isa = PBXGroup;
			children = (
				D8436F4F1CEF054A001F663D /* ControllerTransition */,
				385752AC1C4352DC00325909 /* JMCountdownButton.h */,
				385752AD1C4352DC00325909 /* JMCountdownButton.m */,
				D06FF2CD1C39487800AFA9C8 /* JMAesHelper.h */,
				D06FF2CE1C39487800AFA9C8 /* JMAesHelper.m */,
				D8D527E21CAE534F009A21F3 /* JMUISugar.h */,
				D8CD983F1CBBCD0E00FEA296 /* JMUISugar.m */,
				D06FF2C61C318B0700AFA9C8 /* JMLineView.h */,
				D06FF2C71C318B0700AFA9C8 /* JMLineView.m */,
				D06FF2AF1C317BA000AFA9C8 /* JMChooseImageHelper.h */,
				D06FF2B01C317BA000AFA9C8 /* JMChooseImageHelper.m */,
				38909B321C33F129003A2882 /* JMButtonGroup.h */,
				38909B331C33F129003A2882 /* JMButtonGroup.m */,
				D06FF2B11C317BA000AFA9C8 /* JMTimeHelper.h */,
				D06FF2B21C317BA000AFA9C8 /* JMTimeHelper.m */,
				D06FF2B31C317BA000AFA9C8 /* JMZoomScaleImages */,
				38E050AC1C3CA9AE00BD2FE4 /* JMDirectoryMan.h */,
				38E050AD1C3CA9AE00BD2FE4 /* JMDirectoryMan.m */,
				385752A61C41F92100325909 /* JMFileTools.h */,
				385752A71C41F92100325909 /* JMFileTools.m */,
				D060B8AC1C57CEC8007F9DC0 /* JMBannerView.h */,
				D060B8AD1C57CEC8007F9DC0 /* JMBannerView.m */,
				D83C0B841CCF461C00DE3070 /* JMIndexHelper.h */,
				D83C0B851CCF461C00DE3070 /* JMIndexHelper.m */,
				D80936F71CDDC8C400866E5E /* JMMaskView.h */,
				D80936F81CDDC8C400866E5E /* JMMaskView.m */,
			);
			path = JMTools;
			sourceTree = "<group>";
		};
		D06FF2B31C317BA000AFA9C8 /* JMZoomScaleImages */ = {
			isa = PBXGroup;
			children = (
				D06FF2B41C317BA000AFA9C8 /* JMZoomScaleCell.h */,
				D06FF2B51C317BA000AFA9C8 /* JMZoomScaleCell.m */,
				D06FF2B61C317BA000AFA9C8 /* JMZoomScaleView.h */,
				D06FF2B71C317BA000AFA9C8 /* JMZoomScaleView.m */,
				D06FF2B81C317BA000AFA9C8 /* JMZoomScaleView.xib */,
				D06FF2B91C317BA000AFA9C8 /* JMZoomScaleViewCtrl.h */,
				D06FF2BA1C317BA000AFA9C8 /* JMZoomScaleViewCtrl.m */,
				D06FF2BB1C317BA000AFA9C8 /* JMZoomScaleViewCtrl.xib */,
			);
			path = JMZoomScaleImages;
			sourceTree = "<group>";
		};
		D8436F4F1CEF054A001F663D /* ControllerTransition */ = {
			isa = PBXGroup;
			children = (
				D8436F531CEF06FB001F663D /* JMControllerTransitionBase.h */,
				D8436F541CEF06FB001F663D /* JMControllerTransitionBase.m */,
				D8436F561CEF0747001F663D /* JMControllerTransitionPush.h */,
				D8436F571CEF0747001F663D /* JMControllerTransitionPush.m */,
			);
			name = ControllerTransition;
			sourceTree = "<group>";
		};
		DDE6491E9E1F8143B2F88AFA /* Frameworks */ = {
			isa = PBXGroup;
			children = (
				C05D4BBF02A2DA0C823BA3E5 /* libPods-JMTools.a */,
			);
			name = Frameworks;
			sourceTree = "<group>";
		};
/* End PBXGroup section */

/* Begin PBXNativeTarget section */
		D06FF2851C317B7700AFA9C8 /* JMTools */ = {
			isa = PBXNativeTarget;
			buildConfigurationList = D06FF2A81C317B7700AFA9C8 /* Build configuration list for PBXNativeTarget "JMTools" */;
			buildPhases = (
				1D1EBD9BFDCC886F350DC5F5 /* Check Pods Manifest.lock */,
				D06FF2821C317B7700AFA9C8 /* Sources */,
				D06FF2831C317B7700AFA9C8 /* Frameworks */,
				D06FF2841C317B7700AFA9C8 /* Resources */,
				1CF6EC0958444F81D01355A7 /* Embed Pods Frameworks */,
				21C215E2984F2B4E4845259A /* Copy Pods Resources */,
			);
			buildRules = (
			);
			dependencies = (
			);
			name = JMTools;
			productName = JMTools;
			productReference = D06FF2861C317B7700AFA9C8 /* JMTools.app */;
			productType = "com.apple.product-type.application";
		};
		D06FF29E1C317B7700AFA9C8 /* JMToolsTests */ = {
			isa = PBXNativeTarget;
			buildConfigurationList = D06FF2AB1C317B7700AFA9C8 /* Build configuration list for PBXNativeTarget "JMToolsTests" */;
			buildPhases = (
				D06FF29B1C317B7700AFA9C8 /* Sources */,
				D06FF29C1C317B7700AFA9C8 /* Frameworks */,
				D06FF29D1C317B7700AFA9C8 /* Resources */,
			);
			buildRules = (
			);
			dependencies = (
				D06FF2A11C317B7700AFA9C8 /* PBXTargetDependency */,
			);
			name = JMToolsTests;
			productName = JMToolsTests;
			productReference = D06FF29F1C317B7700AFA9C8 /* JMToolsTests.xctest */;
			productType = "com.apple.product-type.bundle.unit-test";
		};
/* End PBXNativeTarget section */

/* Begin PBXProject section */
		D06FF27E1C317B7700AFA9C8 /* Project object */ = {
			isa = PBXProject;
			attributes = {
				CLASSPREFIX = JM;
				LastUpgradeCheck = 0720;
				ORGANIZATIONNAME = pitaya;
				TargetAttributes = {
					D06FF2851C317B7700AFA9C8 = {
						CreatedOnToolsVersion = 7.2;
					};
					D06FF29E1C317B7700AFA9C8 = {
						CreatedOnToolsVersion = 7.2;
						TestTargetID = D06FF2851C317B7700AFA9C8;
					};
				};
			};
			buildConfigurationList = D06FF2811C317B7700AFA9C8 /* Build configuration list for PBXProject "JMTools" */;
			compatibilityVersion = "Xcode 3.2";
			developmentRegion = English;
			hasScannedForEncodings = 0;
			knownRegions = (
				en,
				Base,
			);
			mainGroup = D06FF27D1C317B7700AFA9C8;
			productRefGroup = D06FF2871C317B7700AFA9C8 /* Products */;
			projectDirPath = "";
			projectRoot = "";
			targets = (
				D06FF2851C317B7700AFA9C8 /* JMTools */,
				D06FF29E1C317B7700AFA9C8 /* JMToolsTests */,
			);
		};
/* End PBXProject section */

/* Begin PBXResourcesBuildPhase section */
		D06FF2841C317B7700AFA9C8 /* Resources */ = {
			isa = PBXResourcesBuildPhase;
			buildActionMask = 2147483647;
			files = (
				D06FF2991C317B7700AFA9C8 /* LaunchScreen.storyboard in Resources */,
				D06FF2961C317B7700AFA9C8 /* Assets.xcassets in Resources */,
				387A2BE11C58A65900C1E262 /* Images.xcassets in Resources */,
				D06FF2941C317B7700AFA9C8 /* Main.storyboard in Resources */,
				D06FF2C21C317BA000AFA9C8 /* JMZoomScaleViewCtrl.xib in Resources */,
				386B479C1C586BD800A9F1B1 /* JMExampleBannerCtrl.xib in Resources */,
				D06FF2C01C317BA000AFA9C8 /* JMZoomScaleView.xib in Resources */,
				D8436F5D1CEF0C45001F663D /* JMExampleTransitionCtrl.xib in Resources */,
			);
			runOnlyForDeploymentPostprocessing = 0;
		};
		D06FF29D1C317B7700AFA9C8 /* Resources */ = {
			isa = PBXResourcesBuildPhase;
			buildActionMask = 2147483647;
			files = (
			);
			runOnlyForDeploymentPostprocessing = 0;
		};
/* End PBXResourcesBuildPhase section */

/* Begin PBXShellScriptBuildPhase section */
		1CF6EC0958444F81D01355A7 /* Embed Pods Frameworks */ = {
			isa = PBXShellScriptBuildPhase;
			buildActionMask = 2147483647;
			files = (
			);
			inputPaths = (
			);
			name = "Embed Pods Frameworks";
			outputPaths = (
			);
			runOnlyForDeploymentPostprocessing = 0;
			shellPath = /bin/sh;
			shellScript = "\"${SRCROOT}/Pods/Target Support Files/Pods-JMTools/Pods-JMTools-frameworks.sh\"\n";
			showEnvVarsInLog = 0;
		};
		1D1EBD9BFDCC886F350DC5F5 /* Check Pods Manifest.lock */ = {
			isa = PBXShellScriptBuildPhase;
			buildActionMask = 2147483647;
			files = (
			);
			inputPaths = (
			);
			name = "Check Pods Manifest.lock";
			outputPaths = (
			);
			runOnlyForDeploymentPostprocessing = 0;
			shellPath = /bin/sh;
			shellScript = "diff \"${PODS_ROOT}/../Podfile.lock\" \"${PODS_ROOT}/Manifest.lock\" > /dev/null\nif [[ $? != 0 ]] ; then\n    cat << EOM\nerror: The sandbox is not in sync with the Podfile.lock. Run 'pod install' or update your CocoaPods installation.\nEOM\n    exit 1\nfi\n";
			showEnvVarsInLog = 0;
		};
		21C215E2984F2B4E4845259A /* Copy Pods Resources */ = {
			isa = PBXShellScriptBuildPhase;
			buildActionMask = 2147483647;
			files = (
			);
			inputPaths = (
			);
			name = "Copy Pods Resources";
			outputPaths = (
			);
			runOnlyForDeploymentPostprocessing = 0;
			shellPath = /bin/sh;
			shellScript = "\"${SRCROOT}/Pods/Target Support Files/Pods-JMTools/Pods-JMTools-resources.sh\"\n";
			showEnvVarsInLog = 0;
		};
/* End PBXShellScriptBuildPhase section */

/* Begin PBXSourcesBuildPhase section */
		D06FF2821C317B7700AFA9C8 /* Sources */ = {
			isa = PBXSourcesBuildPhase;
			buildActionMask = 2147483647;
			files = (
				D06FF2CF1C39487800AFA9C8 /* JMAesHelper.m in Sources */,
				387A2BDF1C5872A200C1E262 /* JMExampleTableCtrl.m in Sources */,
				D060B8AE1C57CEC8007F9DC0 /* JMBannerView.m in Sources */,
				D06FF2BE1C317BA000AFA9C8 /* JMZoomScaleCell.m in Sources */,
				D06FF28E1C317B7700AFA9C8 /* AppDelegate.m in Sources */,
				D06FF28B1C317B7700AFA9C8 /* main.m in Sources */,
				38E050AE1C3CA9AF00BD2FE4 /* JMDirectoryMan.m in Sources */,
				D06FF2C11C317BA000AFA9C8 /* JMZoomScaleViewCtrl.m in Sources */,
				D83C0B861CCF461C00DE3070 /* JMIndexHelper.m in Sources */,
				38909B341C33F129003A2882 /* JMButtonGroup.m in Sources */,
				D06FF2BC1C317BA000AFA9C8 /* JMChooseImageHelper.m in Sources */,
				D8CD98401CBBCD0E00FEA296 /* JMUISugar.m in Sources */,
				D06FF2BF1C317BA000AFA9C8 /* JMZoomScaleView.m in Sources */,
				386B479B1C586BD800A9F1B1 /* JMExampleBannerCtrl.m in Sources */,
				D06FF2BD1C317BA000AFA9C8 /* JMTimeHelper.m in Sources */,
				385752AE1C4352DC00325909 /* JMCountdownButton.m in Sources */,
				D80936F91CDDC8C400866E5E /* JMMaskView.m in Sources */,
				385752A81C41F92100325909 /* JMFileTools.m in Sources */,
				D06FF2C81C318B0700AFA9C8 /* JMLineView.m in Sources */,
				D8436F581CEF0747001F663D /* JMControllerTransitionPush.m in Sources */,
				D8436F551CEF06FB001F663D /* JMControllerTransitionBase.m in Sources */,
				D8436F5C1CEF0C45001F663D /* JMExampleTransitionCtrl.m in Sources */,
			);
			runOnlyForDeploymentPostprocessing = 0;
		};
		D06FF29B1C317B7700AFA9C8 /* Sources */ = {
			isa = PBXSourcesBuildPhase;
			buildActionMask = 2147483647;
			files = (
				D06FF2A41C317B7700AFA9C8 /* JMToolsTests.m in Sources */,
			);
			runOnlyForDeploymentPostprocessing = 0;
		};
/* End PBXSourcesBuildPhase section */

/* Begin PBXTargetDependency section */
		D06FF2A11C317B7700AFA9C8 /* PBXTargetDependency */ = {
			isa = PBXTargetDependency;
			target = D06FF2851C317B7700AFA9C8 /* JMTools */;
			targetProxy = D06FF2A01C317B7700AFA9C8 /* PBXContainerItemProxy */;
		};
/* End PBXTargetDependency section */

/* Begin PBXVariantGroup section */
		D06FF2921C317B7700AFA9C8 /* Main.storyboard */ = {
			isa = PBXVariantGroup;
			children = (
				D06FF2931C317B7700AFA9C8 /* Base */,
			);
			name = Main.storyboard;
			sourceTree = "<group>";
		};
		D06FF2971C317B7700AFA9C8 /* LaunchScreen.storyboard */ = {
			isa = PBXVariantGroup;
			children = (
				D06FF2981C317B7700AFA9C8 /* Base */,
			);
			name = LaunchScreen.storyboard;
			sourceTree = "<group>";
		};
/* End PBXVariantGroup section */

/* Begin XCBuildConfiguration section */
		D06FF2A61C317B7700AFA9C8 /* Debug */ = {
			isa = XCBuildConfiguration;
			buildSettings = {
				ALWAYS_SEARCH_USER_PATHS = NO;
				CLANG_CXX_LANGUAGE_STANDARD = "gnu++0x";
				CLANG_CXX_LIBRARY = "libc++";
				CLANG_ENABLE_MODULES = YES;
				CLANG_ENABLE_OBJC_ARC = YES;
				CLANG_WARN_BOOL_CONVERSION = YES;
				CLANG_WARN_CONSTANT_CONVERSION = YES;
				CLANG_WARN_DIRECT_OBJC_ISA_USAGE = YES_ERROR;
				CLANG_WARN_EMPTY_BODY = YES;
				CLANG_WARN_ENUM_CONVERSION = YES;
				CLANG_WARN_INT_CONVERSION = YES;
				CLANG_WARN_OBJC_ROOT_CLASS = YES_ERROR;
				CLANG_WARN_UNREACHABLE_CODE = YES;
				CLANG_WARN__DUPLICATE_METHOD_MATCH = YES;
				"CODE_SIGN_IDENTITY[sdk=iphoneos*]" = "iPhone Developer";
				COPY_PHASE_STRIP = NO;
				DEBUG_INFORMATION_FORMAT = dwarf;
				ENABLE_STRICT_OBJC_MSGSEND = YES;
				ENABLE_TESTABILITY = YES;
				GCC_C_LANGUAGE_STANDARD = gnu99;
				GCC_DYNAMIC_NO_PIC = NO;
				GCC_NO_COMMON_BLOCKS = YES;
				GCC_OPTIMIZATION_LEVEL = 0;
				GCC_PREPROCESSOR_DEFINITIONS = (
					"DEBUG=1",
					"$(inherited)",
				);
				GCC_WARN_64_TO_32_BIT_CONVERSION = YES;
				GCC_WARN_ABOUT_RETURN_TYPE = YES_ERROR;
				GCC_WARN_UNDECLARED_SELECTOR = YES;
				GCC_WARN_UNINITIALIZED_AUTOS = YES_AGGRESSIVE;
				GCC_WARN_UNUSED_FUNCTION = YES;
				GCC_WARN_UNUSED_VARIABLE = YES;
				IPHONEOS_DEPLOYMENT_TARGET = 9.2;
				MTL_ENABLE_DEBUG_INFO = YES;
				ONLY_ACTIVE_ARCH = YES;
				SDKROOT = iphoneos;
				TARGETED_DEVICE_FAMILY = "1,2";
			};
			name = Debug;
		};
		D06FF2A71C317B7700AFA9C8 /* Release */ = {
			isa = XCBuildConfiguration;
			buildSettings = {
				ALWAYS_SEARCH_USER_PATHS = NO;
				CLANG_CXX_LANGUAGE_STANDARD = "gnu++0x";
				CLANG_CXX_LIBRARY = "libc++";
				CLANG_ENABLE_MODULES = YES;
				CLANG_ENABLE_OBJC_ARC = YES;
				CLANG_WARN_BOOL_CONVERSION = YES;
				CLANG_WARN_CONSTANT_CONVERSION = YES;
				CLANG_WARN_DIRECT_OBJC_ISA_USAGE = YES_ERROR;
				CLANG_WARN_EMPTY_BODY = YES;
				CLANG_WARN_ENUM_CONVERSION = YES;
				CLANG_WARN_INT_CONVERSION = YES;
				CLANG_WARN_OBJC_ROOT_CLASS = YES_ERROR;
				CLANG_WARN_UNREACHABLE_CODE = YES;
				CLANG_WARN__DUPLICATE_METHOD_MATCH = YES;
				"CODE_SIGN_IDENTITY[sdk=iphoneos*]" = "iPhone Developer";
				COPY_PHASE_STRIP = NO;
				DEBUG_INFORMATION_FORMAT = "dwarf-with-dsym";
				ENABLE_NS_ASSERTIONS = NO;
				ENABLE_STRICT_OBJC_MSGSEND = YES;
				GCC_C_LANGUAGE_STANDARD = gnu99;
				GCC_NO_COMMON_BLOCKS = YES;
				GCC_WARN_64_TO_32_BIT_CONVERSION = YES;
				GCC_WARN_ABOUT_RETURN_TYPE = YES_ERROR;
				GCC_WARN_UNDECLARED_SELECTOR = YES;
				GCC_WARN_UNINITIALIZED_AUTOS = YES_AGGRESSIVE;
				GCC_WARN_UNUSED_FUNCTION = YES;
				GCC_WARN_UNUSED_VARIABLE = YES;
				IPHONEOS_DEPLOYMENT_TARGET = 9.2;
				MTL_ENABLE_DEBUG_INFO = NO;
				SDKROOT = iphoneos;
				TARGETED_DEVICE_FAMILY = "1,2";
				VALIDATE_PRODUCT = YES;
			};
			name = Release;
		};
		D06FF2A91C317B7700AFA9C8 /* Debug */ = {
			isa = XCBuildConfiguration;
			baseConfigurationReference = 5A8C471E68E538402A27A60E /* Pods-JMTools.debug.xcconfig */;
			buildSettings = {
				ASSETCATALOG_COMPILER_APPICON_NAME = AppIcon;
				ENABLE_STRICT_OBJC_MSGSEND = YES;
				INFOPLIST_FILE = JMTools/Info.plist;
				LD_RUNPATH_SEARCH_PATHS = "$(inherited) @executable_path/Frameworks";
				PRODUCT_BUNDLE_IDENTIFIER = com.pitaya.JMTools;
				PRODUCT_NAME = "$(TARGET_NAME)";
			};
			name = Debug;
		};
		D06FF2AA1C317B7700AFA9C8 /* Release */ = {
			isa = XCBuildConfiguration;
			baseConfigurationReference = 85F986BEF66368EE13B865A2 /* Pods-JMTools.release.xcconfig */;
			buildSettings = {
				ASSETCATALOG_COMPILER_APPICON_NAME = AppIcon;
				ENABLE_STRICT_OBJC_MSGSEND = YES;
				INFOPLIST_FILE = JMTools/Info.plist;
				LD_RUNPATH_SEARCH_PATHS = "$(inherited) @executable_path/Frameworks";
				PRODUCT_BUNDLE_IDENTIFIER = com.pitaya.JMTools;
				PRODUCT_NAME = "$(TARGET_NAME)";
			};
			name = Release;
		};
		D06FF2AC1C317B7700AFA9C8 /* Debug */ = {
			isa = XCBuildConfiguration;
			buildSettings = {
				BUNDLE_LOADER = "$(TEST_HOST)";
				INFOPLIST_FILE = JMToolsTests/Info.plist;
				LD_RUNPATH_SEARCH_PATHS = "$(inherited) @executable_path/Frameworks @loader_path/Frameworks";
				PRODUCT_BUNDLE_IDENTIFIER = com.pitaya.JMToolsTests;
				PRODUCT_NAME = "$(TARGET_NAME)";
				TEST_HOST = "$(BUILT_PRODUCTS_DIR)/JMTools.app/JMTools";
			};
			name = Debug;
		};
		D06FF2AD1C317B7700AFA9C8 /* Release */ = {
			isa = XCBuildConfiguration;
			buildSettings = {
				BUNDLE_LOADER = "$(TEST_HOST)";
				INFOPLIST_FILE = JMToolsTests/Info.plist;
				LD_RUNPATH_SEARCH_PATHS = "$(inherited) @executable_path/Frameworks @loader_path/Frameworks";
				PRODUCT_BUNDLE_IDENTIFIER = com.pitaya.JMToolsTests;
				PRODUCT_NAME = "$(TARGET_NAME)";
				TEST_HOST = "$(BUILT_PRODUCTS_DIR)/JMTools.app/JMTools";
			};
			name = Release;
		};
/* End XCBuildConfiguration section */

/* Begin XCConfigurationList section */
		D06FF2811C317B7700AFA9C8 /* Build configuration list for PBXProject "JMTools" */ = {
			isa = XCConfigurationList;
			buildConfigurations = (
				D06FF2A61C317B7700AFA9C8 /* Debug */,
				D06FF2A71C317B7700AFA9C8 /* Release */,
			);
			defaultConfigurationIsVisible = 0;
			defaultConfigurationName = Release;
		};
		D06FF2A81C317B7700AFA9C8 /* Build configuration list for PBXNativeTarget "JMTools" */ = {
			isa = XCConfigurationList;
			buildConfigurations = (
				D06FF2A91C317B7700AFA9C8 /* Debug */,
				D06FF2AA1C317B7700AFA9C8 /* Release */,
			);
			defaultConfigurationIsVisible = 0;
			defaultConfigurationName = Release;
		};
		D06FF2AB1C317B7700AFA9C8 /* Build configuration list for PBXNativeTarget "JMToolsTests" */ = {
			isa = XCConfigurationList;
			buildConfigurations = (
				D06FF2AC1C317B7700AFA9C8 /* Debug */,
				D06FF2AD1C317B7700AFA9C8 /* Release */,
			);
			defaultConfigurationIsVisible = 0;
			defaultConfigurationName = Release;
		};
/* End XCConfigurationList section */
	};
	rootObject = D06FF27E1C317B7700AFA9C8 /* Project object */;
}
