// !$*UTF8*$!
{
	archiveVersion = 1;
	classes = {
	};
	objectVersion = 46;
	objects = {

/* Begin PBXBuildFile section */
		21933887B5E7A74BC46CB895 /* libPods-JMTools.a in Frameworks */ = {isa = PBXBuildFile; fileRef = 27A0DAA2128E420F4C5ED427 /* libPods-JMTools.a */; };
		385752A81C41F92100325909 /* JMFileTools.m in Sources */ = {isa = PBXBuildFile; fileRef = 385752A71C41F92100325909 /* JMFileTools.m */; };
		385752AE1C4352DC00325909 /* JMCountdownButton.m in Sources */ = {isa = PBXBuildFile; fileRef = 385752AD1C4352DC00325909 /* JMCountdownButton.m */; };
		386B479B1C586BD800A9F1B1 /* JMExampleBannerCtrl.m in Sources */ = {isa = PBXBuildFile; fileRef = 386B47991C586BD800A9F1B1 /* JMExampleBannerCtrl.m */; };
		386B479C1C586BD800A9F1B1 /* JMExampleBannerCtrl.xib in Resources */ = {isa = PBXBuildFile; fileRef = 386B479A1C586BD800A9F1B1 /* JMExampleBannerCtrl.xib */; };
		387A2BDF1C5872A200C1E262 /* JMExampleTableCtrl.m in Sources */ = {isa = PBXBuildFile; fileRef = 387A2BDE1C5872A200C1E262 /* JMExampleTableCtrl.m */; };
		387A2BE11C58A65900C1E262 /* Images.xcassets in Resources */ = {isa = PBXBuildFile; fileRef = 387A2BE01C58A65900C1E262 /* Images.xcassets */; };
		38909B341C33F129003A2882 /* JMButtonGroup.m in Sources */ = {isa = PBXBuildFile; fileRef = 38909B331C33F129003A2882 /* JMButtonGroup.m */; };
		38E050AE1C3CA9AF00BD2FE4 /* JMDirectoryMan.m in Sources */ = {isa = PBXBuildFile; fileRef = 38E050AD1C3CA9AE00BD2FE4 /* JMDirectoryMan.m */; };
		6CC2CFE120F093E4005A357B /* UIScrollView+JMFitContent.m in Sources */ = {isa = PBXBuildFile; fileRef = 6CC2CFA120F093E4005A357B /* UIScrollView+JMFitContent.m */; };
		6CC2CFE220F093E4005A357B /* UIView+isaNib.m in Sources */ = {isa = PBXBuildFile; fileRef = 6CC2CFA420F093E4005A357B /* UIView+isaNib.m */; };
		6CC2CFE320F093E4005A357B /* UILabel+JMAttributed.m in Sources */ = {isa = PBXBuildFile; fileRef = 6CC2CFA620F093E4005A357B /* UILabel+JMAttributed.m */; };
		6CC2CFE420F093E4005A357B /* UIView+isaScreenshot.m in Sources */ = {isa = PBXBuildFile; fileRef = 6CC2CFA720F093E4005A357B /* UIView+isaScreenshot.m */; };
		6CC2CFE520F093E4005A357B /* UITableViewCell+isaCategory.m in Sources */ = {isa = PBXBuildFile; fileRef = 6CC2CFAA20F093E4005A357B /* UITableViewCell+isaCategory.m */; };
		6CC2CFE620F093E4005A357B /* UIView+isaCategory.m in Sources */ = {isa = PBXBuildFile; fileRef = 6CC2CFAB20F093E4005A357B /* UIView+isaCategory.m */; };
		6CC2CFE720F093E4005A357B /* UIView+isaShake.m in Sources */ = {isa = PBXBuildFile; fileRef = 6CC2CFAD20F093E4005A357B /* UIView+isaShake.m */; };
		6CC2CFE820F093E4005A357B /* UIAlertView+JMCallback.m in Sources */ = {isa = PBXBuildFile; fileRef = 6CC2CFB020F093E4005A357B /* UIAlertView+JMCallback.m */; };
		6CC2CFE920F093E4005A357B /* UIActionSheet+JMCallback.m in Sources */ = {isa = PBXBuildFile; fileRef = 6CC2CFB120F093E4005A357B /* UIActionSheet+JMCallback.m */; };
		6CC2CFEA20F093E4005A357B /* UIAlertController+JMPresent.m in Sources */ = {isa = PBXBuildFile; fileRef = 6CC2CFB420F093E4005A357B /* UIAlertController+JMPresent.m */; };
		6CC2CFEB20F093E4005A357B /* UIWebView+JMJavaScript.m in Sources */ = {isa = PBXBuildFile; fileRef = 6CC2CFB720F093E4005A357B /* UIWebView+JMJavaScript.m */; };
		6CC2CFEC20F093E4005A357B /* UIColor+isaHex.m in Sources */ = {isa = PBXBuildFile; fileRef = 6CC2CFBB20F093E4005A357B /* UIColor+isaHex.m */; };
		6CC2CFED20F093E4005A357B /* UIColor+isaRandom.m in Sources */ = {isa = PBXBuildFile; fileRef = 6CC2CFBD20F093E4005A357B /* UIColor+isaRandom.m */; };
		6CC2CFEE20F093E4005A357B /* NSTimer+isaPause.m in Sources */ = {isa = PBXBuildFile; fileRef = 6CC2CFC020F093E4005A357B /* NSTimer+isaPause.m */; };
		6CC2CFEF20F093E4005A357B /* UIImage+JMC.m in Sources */ = {isa = PBXBuildFile; fileRef = 6CC2CFC220F093E4005A357B /* UIImage+JMC.m */; };
		6CC2CFF020F093E4005A357B /* UINavigationController+isaPop.m in Sources */ = {isa = PBXBuildFile; fileRef = 6CC2CFC520F093E4005A357B /* UINavigationController+isaPop.m */; };
		6CC2CFF120F093E4005A357B /* NSDictionary+isaJson.m in Sources */ = {isa = PBXBuildFile; fileRef = 6CC2CFC820F093E4005A357B /* NSDictionary+isaJson.m */; };
		6CC2CFF220F093E4005A357B /* UIButton+isaCategory.m in Sources */ = {isa = PBXBuildFile; fileRef = 6CC2CFCC20F093E4005A357B /* UIButton+isaCategory.m */; };
		6CC2CFF320F093E4005A357B /* UITextField+JMMoney.m in Sources */ = {isa = PBXBuildFile; fileRef = 6CC2CFCE20F093E4005A357B /* UITextField+JMMoney.m */; };
		6CC2CFF420F093E4005A357B /* NSObject+isaInvade.m in Sources */ = {isa = PBXBuildFile; fileRef = 6CC2CFD020F093E4005A357B /* NSObject+isaInvade.m */; };
		6CC2CFF520F093E4005A357B /* UIPanGestureRecognizer+JMC.m in Sources */ = {isa = PBXBuildFile; fileRef = 6CC2CFD420F093E4005A357B /* UIPanGestureRecognizer+JMC.m */; };
		6CC2CFF620F093E4005A357B /* NSString+isaValid.m in Sources */ = {isa = PBXBuildFile; fileRef = 6CC2CFD720F093E4005A357B /* NSString+isaValid.m */; };
		6CC2CFF720F093E4005A357B /* NSString+JMPath.m in Sources */ = {isa = PBXBuildFile; fileRef = 6CC2CFD920F093E4005A357B /* NSString+JMPath.m */; };
		6CC2CFF820F093E4005A357B /* NSString+isaCategory.m in Sources */ = {isa = PBXBuildFile; fileRef = 6CC2CFDA20F093E4005A357B /* NSString+isaCategory.m */; };
		6CC2CFF920F093E4005A357B /* NSString+isaJson.m in Sources */ = {isa = PBXBuildFile; fileRef = 6CC2CFDC20F093E4005A357B /* NSString+isaJson.m */; };
		6CC2CFFA20F093E4005A357B /* NSData+isaGnuZip.m in Sources */ = {isa = PBXBuildFile; fileRef = 6CC2CFDF20F093E4005A357B /* NSData+isaGnuZip.m */; };
		D060B8AE1C57CEC8007F9DC0 /* JMBannerView.m in Sources */ = {isa = PBXBuildFile; fileRef = D060B8AD1C57CEC8007F9DC0 /* JMBannerView.m */; };
		D06FF28B1C317B7700AFA9C8 /* main.m in Sources */ = {isa = PBXBuildFile; fileRef = D06FF28A1C317B7700AFA9C8 /* main.m */; };
		D06FF28E1C317B7700AFA9C8 /* AppDelegate.m in Sources */ = {isa = PBXBuildFile; fileRef = D06FF28D1C317B7700AFA9C8 /* AppDelegate.m */; };
		D06FF2941C317B7700AFA9C8 /* Main.storyboard in Resources */ = {isa = PBXBuildFile; fileRef = D06FF2921C317B7700AFA9C8 /* Main.storyboard */; };
		D06FF2961C317B7700AFA9C8 /* Assets.xcassets in Resources */ = {isa = PBXBuildFile; fileRef = D06FF2951C317B7700AFA9C8 /* Assets.xcassets */; };
		D06FF2991C317B7700AFA9C8 /* LaunchScreen.storyboard in Resources */ = {isa = PBXBuildFile; fileRef = D06FF2971C317B7700AFA9C8 /* LaunchScreen.storyboard */; };
		D06FF2A41C317B7700AFA9C8 /* JMToolsTests.m in Sources */ = {isa = PBXBuildFile; fileRef = D06FF2A31C317B7700AFA9C8 /* JMToolsTests.m */; };
		D06FF2BC1C317BA000AFA9C8 /* JMChooseImageHelper.m in Sources */ = {isa = PBXBuildFile; fileRef = D06FF2B01C317BA000AFA9C8 /* JMChooseImageHelper.m */; };
		D06FF2BD1C317BA000AFA9C8 /* JMTimeHelper.m in Sources */ = {isa = PBXBuildFile; fileRef = D06FF2B21C317BA000AFA9C8 /* JMTimeHelper.m */; };
		D06FF2BE1C317BA000AFA9C8 /* JMZoomScaleCell.m in Sources */ = {isa = PBXBuildFile; fileRef = D06FF2B51C317BA000AFA9C8 /* JMZoomScaleCell.m */; };
		D06FF2BF1C317BA000AFA9C8 /* JMZoomScaleView.m in Sources */ = {isa = PBXBuildFile; fileRef = D06FF2B71C317BA000AFA9C8 /* JMZoomScaleView.m */; };
		D06FF2C01C317BA000AFA9C8 /* JMZoomScaleView.xib in Resources */ = {isa = PBXBuildFile; fileRef = D06FF2B81C317BA000AFA9C8 /* JMZoomScaleView.xib */; };
		D06FF2C11C317BA000AFA9C8 /* JMZoomScaleViewCtrl.m in Sources */ = {isa = PBXBuildFile; fileRef = D06FF2BA1C317BA000AFA9C8 /* JMZoomScaleViewCtrl.m */; };
		D06FF2C21C317BA000AFA9C8 /* JMZoomScaleViewCtrl.xib in Resources */ = {isa = PBXBuildFile; fileRef = D06FF2BB1C317BA000AFA9C8 /* JMZoomScaleViewCtrl.xib */; };
		D06FF2C81C318B0700AFA9C8 /* JMLineView.m in Sources */ = {isa = PBXBuildFile; fileRef = D06FF2C71C318B0700AFA9C8 /* JMLineView.m */; };
		D06FF2CF1C39487800AFA9C8 /* JMAesHelper.m in Sources */ = {isa = PBXBuildFile; fileRef = D06FF2CE1C39487800AFA9C8 /* JMAesHelper.m */; };
		D80936F91CDDC8C400866E5E /* JMMaskView.m in Sources */ = {isa = PBXBuildFile; fileRef = D80936F81CDDC8C400866E5E /* JMMaskView.m */; };
		D83C0B861CCF461C00DE3070 /* JMIndexHelper.m in Sources */ = {isa = PBXBuildFile; fileRef = D83C0B851CCF461C00DE3070 /* JMIndexHelper.m */; };
		D8436F551CEF06FB001F663D /* JMControllerTransitionBase.m in Sources */ = {isa = PBXBuildFile; fileRef = D8436F541CEF06FB001F663D /* JMControllerTransitionBase.m */; };
		D8436F581CEF0747001F663D /* JMControllerTransitionPush.m in Sources */ = {isa = PBXBuildFile; fileRef = D8436F571CEF0747001F663D /* JMControllerTransitionPush.m */; };
		D8436F5C1CEF0C45001F663D /* JMExampleTransitionCtrl.m in Sources */ = {isa = PBXBuildFile; fileRef = D8436F5A1CEF0C45001F663D /* JMExampleTransitionCtrl.m */; };
		D8436F5D1CEF0C45001F663D /* JMExampleTransitionCtrl.xib in Resources */ = {isa = PBXBuildFile; fileRef = D8436F5B1CEF0C45001F663D /* JMExampleTransitionCtrl.xib */; };
		D8C9C7421CEFF98F00FAB2D1 /* JMCtbMoveToPoint.m in Sources */ = {isa = PBXBuildFile; fileRef = D8C9C7411CEFF98F00FAB2D1 /* JMCtbMoveToPoint.m */; };
		D8CD98401CBBCD0E00FEA296 /* JMUISugar.m in Sources */ = {isa = PBXBuildFile; fileRef = D8CD983F1CBBCD0E00FEA296 /* JMUISugar.m */; };
		D9CD7F4B275AAB84F433AA27 /* libPods-JMToolsTests.a in Frameworks */ = {isa = PBXBuildFile; fileRef = DA42CE4EB10EF89C975A0BCF /* libPods-JMToolsTests.a */; };
/* End PBXBuildFile section */

/* Begin PBXContainerItemProxy section */
		D06FF2A01C317B7700AFA9C8 /* PBXContainerItemProxy */ = {
			isa = PBXContainerItemProxy;
			containerPortal = D06FF27E1C317B7700AFA9C8 /* Project object */;
			proxyType = 1;
			remoteGlobalIDString = D06FF2851C317B7700AFA9C8;
			remoteInfo = JMTools;
		};
/* End PBXContainerItemProxy section */

/* Begin PBXFileReference section */
		24F377511ABC01481C09900D /* Pods-JMTools.release.xcconfig */ = {isa = PBXFileReference; includeInIndex = 1; lastKnownFileType = text.xcconfig; name = "Pods-JMTools.release.xcconfig"; path = "Pods/Target Support Files/Pods-JMTools/Pods-JMTools.release.xcconfig"; sourceTree = "<group>"; };
		27A0DAA2128E420F4C5ED427 /* libPods-JMTools.a */ = {isa = PBXFileReference; explicitFileType = archive.ar; includeInIndex = 0; path = "libPods-JMTools.a"; sourceTree = BUILT_PRODUCTS_DIR; };
		385752A61C41F92100325909 /* JMFileTools.h */ = {isa = PBXFileReference; fileEncoding = 4; lastKnownFileType = sourcecode.c.h; path = JMFileTools.h; sourceTree = "<group>"; };
		385752A71C41F92100325909 /* JMFileTools.m */ = {isa = PBXFileReference; fileEncoding = 4; lastKnownFileType = sourcecode.c.objc; path = JMFileTools.m; sourceTree = "<group>"; };
		385752AC1C4352DC00325909 /* JMCountdownButton.h */ = {isa = PBXFileReference; fileEncoding = 4; lastKnownFileType = sourcecode.c.h; path = JMCountdownButton.h; sourceTree = "<group>"; };
		385752AD1C4352DC00325909 /* JMCountdownButton.m */ = {isa = PBXFileReference; fileEncoding = 4; lastKnownFileType = sourcecode.c.objc; path = JMCountdownButton.m; sourceTree = "<group>"; };
		386B47981C586BD800A9F1B1 /* JMExampleBannerCtrl.h */ = {isa = PBXFileReference; fileEncoding = 4; lastKnownFileType = sourcecode.c.h; path = JMExampleBannerCtrl.h; sourceTree = "<group>"; };
		386B47991C586BD800A9F1B1 /* JMExampleBannerCtrl.m */ = {isa = PBXFileReference; fileEncoding = 4; lastKnownFileType = sourcecode.c.objc; path = JMExampleBannerCtrl.m; sourceTree = "<group>"; };
		386B479A1C586BD800A9F1B1 /* JMExampleBannerCtrl.xib */ = {isa = PBXFileReference; fileEncoding = 4; lastKnownFileType = file.xib; path = JMExampleBannerCtrl.xib; sourceTree = "<group>"; };
		387A2BDD1C5872A200C1E262 /* JMExampleTableCtrl.h */ = {isa = PBXFileReference; fileEncoding = 4; lastKnownFileType = sourcecode.c.h; path = JMExampleTableCtrl.h; sourceTree = "<group>"; };
		387A2BDE1C5872A200C1E262 /* JMExampleTableCtrl.m */ = {isa = PBXFileReference; fileEncoding = 4; lastKnownFileType = sourcecode.c.objc; path = JMExampleTableCtrl.m; sourceTree = "<group>"; };
		387A2BE01C58A65900C1E262 /* Images.xcassets */ = {isa = PBXFileReference; lastKnownFileType = folder.assetcatalog; path = Images.xcassets; sourceTree = "<group>"; };
		38909B321C33F129003A2882 /* JMButtonGroup.h */ = {isa = PBXFileReference; fileEncoding = 4; lastKnownFileType = sourcecode.c.h; path = JMButtonGroup.h; sourceTree = "<group>"; };
		38909B331C33F129003A2882 /* JMButtonGroup.m */ = {isa = PBXFileReference; fileEncoding = 4; lastKnownFileType = sourcecode.c.objc; path = JMButtonGroup.m; sourceTree = "<group>"; };
		38E050AC1C3CA9AE00BD2FE4 /* JMDirectoryMan.h */ = {isa = PBXFileReference; fileEncoding = 4; lastKnownFileType = sourcecode.c.h; path = JMDirectoryMan.h; sourceTree = "<group>"; };
		38E050AD1C3CA9AE00BD2FE4 /* JMDirectoryMan.m */ = {isa = PBXFileReference; fileEncoding = 4; lastKnownFileType = sourcecode.c.objc; path = JMDirectoryMan.m; sourceTree = "<group>"; };
		66F87415AB9B890E0AD5AF9A /* Pods-JMTools.debug.xcconfig */ = {isa = PBXFileReference; includeInIndex = 1; lastKnownFileType = text.xcconfig; name = "Pods-JMTools.debug.xcconfig"; path = "Pods/Target Support Files/Pods-JMTools/Pods-JMTools.debug.xcconfig"; sourceTree = "<group>"; };
		6CC2CFA020F093E4005A357B /* UIScrollView+JMFitContent.h */ = {isa = PBXFileReference; fileEncoding = 4; lastKnownFileType = sourcecode.c.h; path = "UIScrollView+JMFitContent.h"; sourceTree = "<group>"; };
		6CC2CFA120F093E4005A357B /* UIScrollView+JMFitContent.m */ = {isa = PBXFileReference; fileEncoding = 4; lastKnownFileType = sourcecode.c.objc; path = "UIScrollView+JMFitContent.m"; sourceTree = "<group>"; };
		6CC2CFA320F093E4005A357B /* UITableViewCell+isaCategory.h */ = {isa = PBXFileReference; fileEncoding = 4; lastKnownFileType = sourcecode.c.h; path = "UITableViewCell+isaCategory.h"; sourceTree = "<group>"; };
		6CC2CFA420F093E4005A357B /* UIView+isaNib.m */ = {isa = PBXFileReference; fileEncoding = 4; lastKnownFileType = sourcecode.c.objc; path = "UIView+isaNib.m"; sourceTree = "<group>"; };
		6CC2CFA520F093E4005A357B /* UIView+isaCategory.h */ = {isa = PBXFileReference; fileEncoding = 4; lastKnownFileType = sourcecode.c.h; path = "UIView+isaCategory.h"; sourceTree = "<group>"; };
		6CC2CFA620F093E4005A357B /* UILabel+JMAttributed.m */ = {isa = PBXFileReference; fileEncoding = 4; lastKnownFileType = sourcecode.c.objc; path = "UILabel+JMAttributed.m"; sourceTree = "<group>"; };
		6CC2CFA720F093E4005A357B /* UIView+isaScreenshot.m */ = {isa = PBXFileReference; fileEncoding = 4; lastKnownFileType = sourcecode.c.objc; path = "UIView+isaScreenshot.m"; sourceTree = "<group>"; };
		6CC2CFA820F093E4005A357B /* UIView+isaShake.h */ = {isa = PBXFileReference; fileEncoding = 4; lastKnownFileType = sourcecode.c.h; path = "UIView+isaShake.h"; sourceTree = "<group>"; };
		6CC2CFA920F093E4005A357B /* UIView+isaNib.h */ = {isa = PBXFileReference; fileEncoding = 4; lastKnownFileType = sourcecode.c.h; path = "UIView+isaNib.h"; sourceTree = "<group>"; };
		6CC2CFAA20F093E4005A357B /* UITableViewCell+isaCategory.m */ = {isa = PBXFileReference; fileEncoding = 4; lastKnownFileType = sourcecode.c.objc; path = "UITableViewCell+isaCategory.m"; sourceTree = "<group>"; };
		6CC2CFAB20F093E4005A357B /* UIView+isaCategory.m */ = {isa = PBXFileReference; fileEncoding = 4; lastKnownFileType = sourcecode.c.objc; path = "UIView+isaCategory.m"; sourceTree = "<group>"; };
		6CC2CFAC20F093E4005A357B /* UILabel+JMAttributed.h */ = {isa = PBXFileReference; fileEncoding = 4; lastKnownFileType = sourcecode.c.h; path = "UILabel+JMAttributed.h"; sourceTree = "<group>"; };
		6CC2CFAD20F093E4005A357B /* UIView+isaShake.m */ = {isa = PBXFileReference; fileEncoding = 4; lastKnownFileType = sourcecode.c.objc; path = "UIView+isaShake.m"; sourceTree = "<group>"; };
		6CC2CFAE20F093E4005A357B /* UIView+isaScreenshot.h */ = {isa = PBXFileReference; fileEncoding = 4; lastKnownFileType = sourcecode.c.h; path = "UIView+isaScreenshot.h"; sourceTree = "<group>"; };
		6CC2CFB020F093E4005A357B /* UIAlertView+JMCallback.m */ = {isa = PBXFileReference; fileEncoding = 4; lastKnownFileType = sourcecode.c.objc; path = "UIAlertView+JMCallback.m"; sourceTree = "<group>"; };
		6CC2CFB120F093E4005A357B /* UIActionSheet+JMCallback.m */ = {isa = PBXFileReference; fileEncoding = 4; lastKnownFileType = sourcecode.c.objc; path = "UIActionSheet+JMCallback.m"; sourceTree = "<group>"; };
		6CC2CFB220F093E4005A357B /* UIAlertController+JMPresent.h */ = {isa = PBXFileReference; fileEncoding = 4; lastKnownFileType = sourcecode.c.h; path = "UIAlertController+JMPresent.h"; sourceTree = "<group>"; };
		6CC2CFB320F093E4005A357B /* UIAlertView+JMCallback.h */ = {isa = PBXFileReference; fileEncoding = 4; lastKnownFileType = sourcecode.c.h; path = "UIAlertView+JMCallback.h"; sourceTree = "<group>"; };
		6CC2CFB420F093E4005A357B /* UIAlertController+JMPresent.m */ = {isa = PBXFileReference; fileEncoding = 4; lastKnownFileType = sourcecode.c.objc; path = "UIAlertController+JMPresent.m"; sourceTree = "<group>"; };
		6CC2CFB520F093E4005A357B /* UIActionSheet+JMCallback.h */ = {isa = PBXFileReference; fileEncoding = 4; lastKnownFileType = sourcecode.c.h; path = "UIActionSheet+JMCallback.h"; sourceTree = "<group>"; };
		6CC2CFB720F093E4005A357B /* UIWebView+JMJavaScript.m */ = {isa = PBXFileReference; fileEncoding = 4; lastKnownFileType = sourcecode.c.objc; path = "UIWebView+JMJavaScript.m"; sourceTree = "<group>"; };
		6CC2CFB820F093E4005A357B /* UIWebView+JMJavaScript.h */ = {isa = PBXFileReference; fileEncoding = 4; lastKnownFileType = sourcecode.c.h; path = "UIWebView+JMJavaScript.h"; sourceTree = "<group>"; };
		6CC2CFBA20F093E4005A357B /* UIColor+isaRandom.h */ = {isa = PBXFileReference; fileEncoding = 4; lastKnownFileType = sourcecode.c.h; path = "UIColor+isaRandom.h"; sourceTree = "<group>"; };
		6CC2CFBB20F093E4005A357B /* UIColor+isaHex.m */ = {isa = PBXFileReference; fileEncoding = 4; lastKnownFileType = sourcecode.c.objc; path = "UIColor+isaHex.m"; sourceTree = "<group>"; };
		6CC2CFBC20F093E4005A357B /* UIColor+isaHex.h */ = {isa = PBXFileReference; fileEncoding = 4; lastKnownFileType = sourcecode.c.h; path = "UIColor+isaHex.h"; sourceTree = "<group>"; };
		6CC2CFBD20F093E4005A357B /* UIColor+isaRandom.m */ = {isa = PBXFileReference; fileEncoding = 4; lastKnownFileType = sourcecode.c.objc; path = "UIColor+isaRandom.m"; sourceTree = "<group>"; };
		6CC2CFBF20F093E4005A357B /* NSTimer+isaPause.h */ = {isa = PBXFileReference; fileEncoding = 4; lastKnownFileType = sourcecode.c.h; path = "NSTimer+isaPause.h"; sourceTree = "<group>"; };
		6CC2CFC020F093E4005A357B /* NSTimer+isaPause.m */ = {isa = PBXFileReference; fileEncoding = 4; lastKnownFileType = sourcecode.c.objc; path = "NSTimer+isaPause.m"; sourceTree = "<group>"; };
		6CC2CFC220F093E4005A357B /* UIImage+JMC.m */ = {isa = PBXFileReference; fileEncoding = 4; lastKnownFileType = sourcecode.c.objc; path = "UIImage+JMC.m"; sourceTree = "<group>"; };
		6CC2CFC320F093E4005A357B /* UIImage+JMC.h */ = {isa = PBXFileReference; fileEncoding = 4; lastKnownFileType = sourcecode.c.h; path = "UIImage+JMC.h"; sourceTree = "<group>"; };
		6CC2CFC520F093E4005A357B /* UINavigationController+isaPop.m */ = {isa = PBXFileReference; fileEncoding = 4; lastKnownFileType = sourcecode.c.objc; path = "UINavigationController+isaPop.m"; sourceTree = "<group>"; };
		6CC2CFC620F093E4005A357B /* UINavigationController+isaPop.h */ = {isa = PBXFileReference; fileEncoding = 4; lastKnownFileType = sourcecode.c.h; path = "UINavigationController+isaPop.h"; sourceTree = "<group>"; };
		6CC2CFC820F093E4005A357B /* NSDictionary+isaJson.m */ = {isa = PBXFileReference; fileEncoding = 4; lastKnownFileType = sourcecode.c.objc; path = "NSDictionary+isaJson.m"; sourceTree = "<group>"; };
		6CC2CFC920F093E4005A357B /* NSDictionary+isaJson.h */ = {isa = PBXFileReference; fileEncoding = 4; lastKnownFileType = sourcecode.c.h; path = "NSDictionary+isaJson.h"; sourceTree = "<group>"; };
		6CC2CFCB20F093E4005A357B /* UITextField+JMMoney.h */ = {isa = PBXFileReference; fileEncoding = 4; lastKnownFileType = sourcecode.c.h; path = "UITextField+JMMoney.h"; sourceTree = "<group>"; };
		6CC2CFCC20F093E4005A357B /* UIButton+isaCategory.m */ = {isa = PBXFileReference; fileEncoding = 4; lastKnownFileType = sourcecode.c.objc; path = "UIButton+isaCategory.m"; sourceTree = "<group>"; };
		6CC2CFCD20F093E4005A357B /* UIButton+isaCategory.h */ = {isa = PBXFileReference; fileEncoding = 4; lastKnownFileType = sourcecode.c.h; path = "UIButton+isaCategory.h"; sourceTree = "<group>"; };
		6CC2CFCE20F093E4005A357B /* UITextField+JMMoney.m */ = {isa = PBXFileReference; fileEncoding = 4; lastKnownFileType = sourcecode.c.objc; path = "UITextField+JMMoney.m"; sourceTree = "<group>"; };
		6CC2CFD020F093E4005A357B /* NSObject+isaInvade.m */ = {isa = PBXFileReference; fileEncoding = 4; lastKnownFileType = sourcecode.c.objc; path = "NSObject+isaInvade.m"; sourceTree = "<group>"; };
		6CC2CFD120F093E4005A357B /* NSObject+isaInvade.h */ = {isa = PBXFileReference; fileEncoding = 4; lastKnownFileType = sourcecode.c.h; path = "NSObject+isaInvade.h"; sourceTree = "<group>"; };
		6CC2CFD320F093E4005A357B /* UIPanGestureRecognizer+JMC.h */ = {isa = PBXFileReference; fileEncoding = 4; lastKnownFileType = sourcecode.c.h; path = "UIPanGestureRecognizer+JMC.h"; sourceTree = "<group>"; };
		6CC2CFD420F093E4005A357B /* UIPanGestureRecognizer+JMC.m */ = {isa = PBXFileReference; fileEncoding = 4; lastKnownFileType = sourcecode.c.objc; path = "UIPanGestureRecognizer+JMC.m"; sourceTree = "<group>"; };
		6CC2CFD620F093E4005A357B /* NSString+isaJson.h */ = {isa = PBXFileReference; fileEncoding = 4; lastKnownFileType = sourcecode.c.h; path = "NSString+isaJson.h"; sourceTree = "<group>"; };
		6CC2CFD720F093E4005A357B /* NSString+isaValid.m */ = {isa = PBXFileReference; fileEncoding = 4; lastKnownFileType = sourcecode.c.objc; path = "NSString+isaValid.m"; sourceTree = "<group>"; };
		6CC2CFD820F093E4005A357B /* NSString+isaCategory.h */ = {isa = PBXFileReference; fileEncoding = 4; lastKnownFileType = sourcecode.c.h; path = "NSString+isaCategory.h"; sourceTree = "<group>"; };
		6CC2CFD920F093E4005A357B /* NSString+JMPath.m */ = {isa = PBXFileReference; fileEncoding = 4; lastKnownFileType = sourcecode.c.objc; path = "NSString+JMPath.m"; sourceTree = "<group>"; };
		6CC2CFDA20F093E4005A357B /* NSString+isaCategory.m */ = {isa = PBXFileReference; fileEncoding = 4; lastKnownFileType = sourcecode.c.objc; path = "NSString+isaCategory.m"; sourceTree = "<group>"; };
		6CC2CFDB20F093E4005A357B /* NSString+isaValid.h */ = {isa = PBXFileReference; fileEncoding = 4; lastKnownFileType = sourcecode.c.h; path = "NSString+isaValid.h"; sourceTree = "<group>"; };
		6CC2CFDC20F093E4005A357B /* NSString+isaJson.m */ = {isa = PBXFileReference; fileEncoding = 4; lastKnownFileType = sourcecode.c.objc; path = "NSString+isaJson.m"; sourceTree = "<group>"; };
		6CC2CFDD20F093E4005A357B /* NSString+JMPath.h */ = {isa = PBXFileReference; fileEncoding = 4; lastKnownFileType = sourcecode.c.h; path = "NSString+JMPath.h"; sourceTree = "<group>"; };
		6CC2CFDF20F093E4005A357B /* NSData+isaGnuZip.m */ = {isa = PBXFileReference; fileEncoding = 4; lastKnownFileType = sourcecode.c.objc; path = "NSData+isaGnuZip.m"; sourceTree = "<group>"; };
		6CC2CFE020F093E4005A357B /* NSData+isaGnuZip.h */ = {isa = PBXFileReference; fileEncoding = 4; lastKnownFileType = sourcecode.c.h; path = "NSData+isaGnuZip.h"; sourceTree = "<group>"; };
		8B769C51D344A8C6D952C0A8 /* Pods-JMToolsTests.debug.xcconfig */ = {isa = PBXFileReference; includeInIndex = 1; lastKnownFileType = text.xcconfig; name = "Pods-JMToolsTests.debug.xcconfig"; path = "Pods/Target Support Files/Pods-JMToolsTests/Pods-JMToolsTests.debug.xcconfig"; sourceTree = "<group>"; };
		B0B1DC2BFFB6DDD72B7F82DA /* Pods-JMToolsTests.release.xcconfig */ = {isa = PBXFileReference; includeInIndex = 1; lastKnownFileType = text.xcconfig; name = "Pods-JMToolsTests.release.xcconfig"; path = "Pods/Target Support Files/Pods-JMToolsTests/Pods-JMToolsTests.release.xcconfig"; sourceTree = "<group>"; };
		D060B8AC1C57CEC8007F9DC0 /* JMBannerView.h */ = {isa = PBXFileReference; fileEncoding = 4; lastKnownFileType = sourcecode.c.h; path = JMBannerView.h; sourceTree = "<group>"; };
		D060B8AD1C57CEC8007F9DC0 /* JMBannerView.m */ = {isa = PBXFileReference; fileEncoding = 4; lastKnownFileType = sourcecode.c.objc; path = JMBannerView.m; sourceTree = "<group>"; };
		D06FF2861C317B7700AFA9C8 /* JMTools.app */ = {isa = PBXFileReference; explicitFileType = wrapper.application; includeInIndex = 0; path = JMTools.app; sourceTree = BUILT_PRODUCTS_DIR; };
		D06FF28A1C317B7700AFA9C8 /* main.m */ = {isa = PBXFileReference; lastKnownFileType = sourcecode.c.objc; path = main.m; sourceTree = "<group>"; };
		D06FF28C1C317B7700AFA9C8 /* AppDelegate.h */ = {isa = PBXFileReference; lastKnownFileType = sourcecode.c.h; path = AppDelegate.h; sourceTree = "<group>"; };
		D06FF28D1C317B7700AFA9C8 /* AppDelegate.m */ = {isa = PBXFileReference; lastKnownFileType = sourcecode.c.objc; path = AppDelegate.m; sourceTree = "<group>"; };
		D06FF2931C317B7700AFA9C8 /* Base */ = {isa = PBXFileReference; lastKnownFileType = file.storyboard; name = Base; path = Base.lproj/Main.storyboard; sourceTree = "<group>"; };
		D06FF2951C317B7700AFA9C8 /* Assets.xcassets */ = {isa = PBXFileReference; lastKnownFileType = folder.assetcatalog; path = Assets.xcassets; sourceTree = "<group>"; };
		D06FF2981C317B7700AFA9C8 /* Base */ = {isa = PBXFileReference; lastKnownFileType = file.storyboard; name = Base; path = Base.lproj/LaunchScreen.storyboard; sourceTree = "<group>"; };
		D06FF29A1C317B7700AFA9C8 /* Info.plist */ = {isa = PBXFileReference; lastKnownFileType = text.plist.xml; path = Info.plist; sourceTree = "<group>"; };
		D06FF29F1C317B7700AFA9C8 /* JMToolsTests.xctest */ = {isa = PBXFileReference; explicitFileType = wrapper.cfbundle; includeInIndex = 0; path = JMToolsTests.xctest; sourceTree = BUILT_PRODUCTS_DIR; };
		D06FF2A31C317B7700AFA9C8 /* JMToolsTests.m */ = {isa = PBXFileReference; lastKnownFileType = sourcecode.c.objc; path = JMToolsTests.m; sourceTree = "<group>"; };
		D06FF2A51C317B7700AFA9C8 /* Info.plist */ = {isa = PBXFileReference; lastKnownFileType = text.plist.xml; path = Info.plist; sourceTree = "<group>"; };
		D06FF2AF1C317BA000AFA9C8 /* JMChooseImageHelper.h */ = {isa = PBXFileReference; fileEncoding = 4; lastKnownFileType = sourcecode.c.h; path = JMChooseImageHelper.h; sourceTree = "<group>"; };
		D06FF2B01C317BA000AFA9C8 /* JMChooseImageHelper.m */ = {isa = PBXFileReference; fileEncoding = 4; lastKnownFileType = sourcecode.c.objc; path = JMChooseImageHelper.m; sourceTree = "<group>"; };
		D06FF2B11C317BA000AFA9C8 /* JMTimeHelper.h */ = {isa = PBXFileReference; fileEncoding = 4; lastKnownFileType = sourcecode.c.h; path = JMTimeHelper.h; sourceTree = "<group>"; };
		D06FF2B21C317BA000AFA9C8 /* JMTimeHelper.m */ = {isa = PBXFileReference; fileEncoding = 4; lastKnownFileType = sourcecode.c.objc; path = JMTimeHelper.m; sourceTree = "<group>"; };
		D06FF2B41C317BA000AFA9C8 /* JMZoomScaleCell.h */ = {isa = PBXFileReference; fileEncoding = 4; lastKnownFileType = sourcecode.c.h; path = JMZoomScaleCell.h; sourceTree = "<group>"; };
		D06FF2B51C317BA000AFA9C8 /* JMZoomScaleCell.m */ = {isa = PBXFileReference; fileEncoding = 4; lastKnownFileType = sourcecode.c.objc; path = JMZoomScaleCell.m; sourceTree = "<group>"; };
		D06FF2B61C317BA000AFA9C8 /* JMZoomScaleView.h */ = {isa = PBXFileReference; fileEncoding = 4; lastKnownFileType = sourcecode.c.h; path = JMZoomScaleView.h; sourceTree = "<group>"; };
		D06FF2B71C317BA000AFA9C8 /* JMZoomScaleView.m */ = {isa = PBXFileReference; fileEncoding = 4; lastKnownFileType = sourcecode.c.objc; path = JMZoomScaleView.m; sourceTree = "<group>"; };
		D06FF2B81C317BA000AFA9C8 /* JMZoomScaleView.xib */ = {isa = PBXFileReference; fileEncoding = 4; lastKnownFileType = file.xib; path = JMZoomScaleView.xib; sourceTree = "<group>"; };
		D06FF2B91C317BA000AFA9C8 /* JMZoomScaleViewCtrl.h */ = {isa = PBXFileReference; fileEncoding = 4; lastKnownFileType = sourcecode.c.h; path = JMZoomScaleViewCtrl.h; sourceTree = "<group>"; };
		D06FF2BA1C317BA000AFA9C8 /* JMZoomScaleViewCtrl.m */ = {isa = PBXFileReference; fileEncoding = 4; lastKnownFileType = sourcecode.c.objc; path = JMZoomScaleViewCtrl.m; sourceTree = "<group>"; };
		D06FF2BB1C317BA000AFA9C8 /* JMZoomScaleViewCtrl.xib */ = {isa = PBXFileReference; fileEncoding = 4; lastKnownFileType = file.xib; path = JMZoomScaleViewCtrl.xib; sourceTree = "<group>"; };
		D06FF2C31C31830C00AFA9C8 /* JMTools.podspec */ = {isa = PBXFileReference; lastKnownFileType = text; path = JMTools.podspec; sourceTree = "<group>"; };
		D06FF2C41C31833200AFA9C8 /* README.md */ = {isa = PBXFileReference; lastKnownFileType = net.daringfireball.markdown; path = README.md; sourceTree = "<group>"; };
		D06FF2C61C318B0700AFA9C8 /* JMLineView.h */ = {isa = PBXFileReference; fileEncoding = 4; lastKnownFileType = sourcecode.c.h; path = JMLineView.h; sourceTree = "<group>"; };
		D06FF2C71C318B0700AFA9C8 /* JMLineView.m */ = {isa = PBXFileReference; fileEncoding = 4; lastKnownFileType = sourcecode.c.objc; path = JMLineView.m; sourceTree = "<group>"; };
		D06FF2CD1C39487800AFA9C8 /* JMAesHelper.h */ = {isa = PBXFileReference; fileEncoding = 4; lastKnownFileType = sourcecode.c.h; path = JMAesHelper.h; sourceTree = "<group>"; };
		D06FF2CE1C39487800AFA9C8 /* JMAesHelper.m */ = {isa = PBXFileReference; fileEncoding = 4; lastKnownFileType = sourcecode.c.objc; path = JMAesHelper.m; sourceTree = "<group>"; };
		D80936F71CDDC8C400866E5E /* JMMaskView.h */ = {isa = PBXFileReference; fileEncoding = 4; lastKnownFileType = sourcecode.c.h; path = JMMaskView.h; sourceTree = "<group>"; };
		D80936F81CDDC8C400866E5E /* JMMaskView.m */ = {isa = PBXFileReference; fileEncoding = 4; lastKnownFileType = sourcecode.c.objc; path = JMMaskView.m; sourceTree = "<group>"; };
		D83C0B841CCF461C00DE3070 /* JMIndexHelper.h */ = {isa = PBXFileReference; fileEncoding = 4; lastKnownFileType = sourcecode.c.h; path = JMIndexHelper.h; sourceTree = "<group>"; };
		D83C0B851CCF461C00DE3070 /* JMIndexHelper.m */ = {isa = PBXFileReference; fileEncoding = 4; lastKnownFileType = sourcecode.c.objc; path = JMIndexHelper.m; sourceTree = "<group>"; };
		D8436F531CEF06FB001F663D /* JMControllerTransitionBase.h */ = {isa = PBXFileReference; fileEncoding = 4; lastKnownFileType = sourcecode.c.h; path = JMControllerTransitionBase.h; sourceTree = "<group>"; };
		D8436F541CEF06FB001F663D /* JMControllerTransitionBase.m */ = {isa = PBXFileReference; fileEncoding = 4; lastKnownFileType = sourcecode.c.objc; path = JMControllerTransitionBase.m; sourceTree = "<group>"; };
		D8436F561CEF0747001F663D /* JMControllerTransitionPush.h */ = {isa = PBXFileReference; fileEncoding = 4; lastKnownFileType = sourcecode.c.h; path = JMControllerTransitionPush.h; sourceTree = "<group>"; };
		D8436F571CEF0747001F663D /* JMControllerTransitionPush.m */ = {isa = PBXFileReference; fileEncoding = 4; lastKnownFileType = sourcecode.c.objc; path = JMControllerTransitionPush.m; sourceTree = "<group>"; };
		D8436F591CEF0C45001F663D /* JMExampleTransitionCtrl.h */ = {isa = PBXFileReference; fileEncoding = 4; lastKnownFileType = sourcecode.c.h; path = JMExampleTransitionCtrl.h; sourceTree = "<group>"; };
		D8436F5A1CEF0C45001F663D /* JMExampleTransitionCtrl.m */ = {isa = PBXFileReference; fileEncoding = 4; lastKnownFileType = sourcecode.c.objc; path = JMExampleTransitionCtrl.m; sourceTree = "<group>"; };
		D8436F5B1CEF0C45001F663D /* JMExampleTransitionCtrl.xib */ = {isa = PBXFileReference; fileEncoding = 4; lastKnownFileType = file.xib; path = JMExampleTransitionCtrl.xib; sourceTree = "<group>"; };
		D8C9C7401CEFF98F00FAB2D1 /* JMCtbMoveToPoint.h */ = {isa = PBXFileReference; fileEncoding = 4; lastKnownFileType = sourcecode.c.h; path = JMCtbMoveToPoint.h; sourceTree = "<group>"; };
		D8C9C7411CEFF98F00FAB2D1 /* JMCtbMoveToPoint.m */ = {isa = PBXFileReference; fileEncoding = 4; lastKnownFileType = sourcecode.c.objc; path = JMCtbMoveToPoint.m; sourceTree = "<group>"; };
		D8CD983F1CBBCD0E00FEA296 /* JMUISugar.m */ = {isa = PBXFileReference; fileEncoding = 4; lastKnownFileType = sourcecode.c.objc; path = JMUISugar.m; sourceTree = "<group>"; };
		D8D527E21CAE534F009A21F3 /* JMUISugar.h */ = {isa = PBXFileReference; lastKnownFileType = sourcecode.c.h; path = JMUISugar.h; sourceTree = "<group>"; };
		DA42CE4EB10EF89C975A0BCF /* libPods-JMToolsTests.a */ = {isa = PBXFileReference; explicitFileType = archive.ar; includeInIndex = 0; path = "libPods-JMToolsTests.a"; sourceTree = BUILT_PRODUCTS_DIR; };
/* End PBXFileReference section */

/* Begin PBXFrameworksBuildPhase section */
		D06FF2831C317B7700AFA9C8 /* Frameworks */ = {
			isa = PBXFrameworksBuildPhase;
			buildActionMask = 2147483647;
			files = (
				21933887B5E7A74BC46CB895 /* libPods-JMTools.a in Frameworks */,
			);
			runOnlyForDeploymentPostprocessing = 0;
		};
		D06FF29C1C317B7700AFA9C8 /* Frameworks */ = {
			isa = PBXFrameworksBuildPhase;
			buildActionMask = 2147483647;
			files = (
				D9CD7F4B275AAB84F433AA27 /* libPods-JMToolsTests.a in Frameworks */,
			);
			runOnlyForDeploymentPostprocessing = 0;
		};
/* End PBXFrameworksBuildPhase section */

/* Begin PBXGroup section */
		386B47971C586B8D00A9F1B1 /* Example */ = {
			isa = PBXGroup;
			children = (
				386B47981C586BD800A9F1B1 /* JMExampleBannerCtrl.h */,
				386B47991C586BD800A9F1B1 /* JMExampleBannerCtrl.m */,
				386B479A1C586BD800A9F1B1 /* JMExampleBannerCtrl.xib */,
				D8436F591CEF0C45001F663D /* JMExampleTransitionCtrl.h */,
				D8436F5A1CEF0C45001F663D /* JMExampleTransitionCtrl.m */,
				D8436F5B1CEF0C45001F663D /* JMExampleTransitionCtrl.xib */,
			);
			name = Example;
			path = JMTools/Example;
			sourceTree = "<group>";
		};
		51854039CAEDD833BB3FC91E /* Frameworks */ = {
			isa = PBXGroup;
			children = (
				27A0DAA2128E420F4C5ED427 /* libPods-JMTools.a */,
				DA42CE4EB10EF89C975A0BCF /* libPods-JMToolsTests.a */,
			);
			name = Frameworks;
			sourceTree = "<group>";
		};
		5629710EF63262C60419622C /* Pods */ = {
			isa = PBXGroup;
			children = (
				66F87415AB9B890E0AD5AF9A /* Pods-JMTools.debug.xcconfig */,
				24F377511ABC01481C09900D /* Pods-JMTools.release.xcconfig */,
				8B769C51D344A8C6D952C0A8 /* Pods-JMToolsTests.debug.xcconfig */,
				B0B1DC2BFFB6DDD72B7F82DA /* Pods-JMToolsTests.release.xcconfig */,
			);
			name = Pods;
			sourceTree = "<group>";
		};
		6CC2CF9E20F093E4005A357B /* JMCategory */ = {
			isa = PBXGroup;
			children = (
				6CC2CF9F20F093E4005A357B /* back */,
				6CC2CFA220F093E4005A357B /* UIView */,
				6CC2CFAF20F093E4005A357B /* Alert */,
				6CC2CFB620F093E4005A357B /* Web */,
				6CC2CFB920F093E4005A357B /* Color */,
				6CC2CFBE20F093E4005A357B /* Timer */,
				6CC2CFC120F093E4005A357B /* Image */,
				6CC2CFC420F093E4005A357B /* Controller */,
				6CC2CFC720F093E4005A357B /* Container */,
				6CC2CFCA20F093E4005A357B /* UIControl */,
				6CC2CFCF20F093E4005A357B /* Object */,
				6CC2CFD220F093E4005A357B /* GestureRecognizer */,
				6CC2CFD520F093E4005A357B /* String */,
				6CC2CFDE20F093E4005A357B /* Data */,
			);
			path = JMCategory;
			sourceTree = "<group>";
		};
		6CC2CF9F20F093E4005A357B /* back */ = {
			isa = PBXGroup;
			children = (
				6CC2CFA020F093E4005A357B /* UIScrollView+JMFitContent.h */,
				6CC2CFA120F093E4005A357B /* UIScrollView+JMFitContent.m */,
			);
			path = back;
			sourceTree = "<group>";
		};
		6CC2CFA220F093E4005A357B /* UIView */ = {
			isa = PBXGroup;
			children = (
				6CC2CFA320F093E4005A357B /* UITableViewCell+isaCategory.h */,
				6CC2CFA420F093E4005A357B /* UIView+isaNib.m */,
				6CC2CFA520F093E4005A357B /* UIView+isaCategory.h */,
				6CC2CFA620F093E4005A357B /* UILabel+JMAttributed.m */,
				6CC2CFA720F093E4005A357B /* UIView+isaScreenshot.m */,
				6CC2CFA820F093E4005A357B /* UIView+isaShake.h */,
				6CC2CFA920F093E4005A357B /* UIView+isaNib.h */,
				6CC2CFAA20F093E4005A357B /* UITableViewCell+isaCategory.m */,
				6CC2CFAB20F093E4005A357B /* UIView+isaCategory.m */,
				6CC2CFAC20F093E4005A357B /* UILabel+JMAttributed.h */,
				6CC2CFAD20F093E4005A357B /* UIView+isaShake.m */,
				6CC2CFAE20F093E4005A357B /* UIView+isaScreenshot.h */,
			);
			path = UIView;
			sourceTree = "<group>";
		};
		6CC2CFAF20F093E4005A357B /* Alert */ = {
			isa = PBXGroup;
			children = (
				6CC2CFB020F093E4005A357B /* UIAlertView+JMCallback.m */,
				6CC2CFB120F093E4005A357B /* UIActionSheet+JMCallback.m */,
				6CC2CFB220F093E4005A357B /* UIAlertController+JMPresent.h */,
				6CC2CFB320F093E4005A357B /* UIAlertView+JMCallback.h */,
				6CC2CFB420F093E4005A357B /* UIAlertController+JMPresent.m */,
				6CC2CFB520F093E4005A357B /* UIActionSheet+JMCallback.h */,
			);
			path = Alert;
			sourceTree = "<group>";
		};
		6CC2CFB620F093E4005A357B /* Web */ = {
			isa = PBXGroup;
			children = (
				6CC2CFB720F093E4005A357B /* UIWebView+JMJavaScript.m */,
				6CC2CFB820F093E4005A357B /* UIWebView+JMJavaScript.h */,
			);
			path = Web;
			sourceTree = "<group>";
		};
		6CC2CFB920F093E4005A357B /* Color */ = {
			isa = PBXGroup;
			children = (
				6CC2CFBA20F093E4005A357B /* UIColor+isaRandom.h */,
				6CC2CFBB20F093E4005A357B /* UIColor+isaHex.m */,
				6CC2CFBC20F093E4005A357B /* UIColor+isaHex.h */,
				6CC2CFBD20F093E4005A357B /* UIColor+isaRandom.m */,
			);
			path = Color;
			sourceTree = "<group>";
		};
		6CC2CFBE20F093E4005A357B /* Timer */ = {
			isa = PBXGroup;
			children = (
				6CC2CFBF20F093E4005A357B /* NSTimer+isaPause.h */,
				6CC2CFC020F093E4005A357B /* NSTimer+isaPause.m */,
			);
			path = Timer;
			sourceTree = "<group>";
		};
		6CC2CFC120F093E4005A357B /* Image */ = {
			isa = PBXGroup;
			children = (
				6CC2CFC220F093E4005A357B /* UIImage+JMC.m */,
				6CC2CFC320F093E4005A357B /* UIImage+JMC.h */,
			);
			path = Image;
			sourceTree = "<group>";
		};
		6CC2CFC420F093E4005A357B /* Controller */ = {
			isa = PBXGroup;
			children = (
				6CC2CFC520F093E4005A357B /* UINavigationController+isaPop.m */,
				6CC2CFC620F093E4005A357B /* UINavigationController+isaPop.h */,
			);
			path = Controller;
			sourceTree = "<group>";
		};
		6CC2CFC720F093E4005A357B /* Container */ = {
			isa = PBXGroup;
			children = (
				6CC2CFC820F093E4005A357B /* NSDictionary+isaJson.m */,
				6CC2CFC920F093E4005A357B /* NSDictionary+isaJson.h */,
			);
			path = Container;
			sourceTree = "<group>";
		};
		6CC2CFCA20F093E4005A357B /* UIControl */ = {
			isa = PBXGroup;
			children = (
				6CC2CFCB20F093E4005A357B /* UITextField+JMMoney.h */,
				6CC2CFCC20F093E4005A357B /* UIButton+isaCategory.m */,
				6CC2CFCD20F093E4005A357B /* UIButton+isaCategory.h */,
				6CC2CFCE20F093E4005A357B /* UITextField+JMMoney.m */,
			);
			path = UIControl;
			sourceTree = "<group>";
		};
		6CC2CFCF20F093E4005A357B /* Object */ = {
			isa = PBXGroup;
			children = (
				6CC2CFD020F093E4005A357B /* NSObject+isaInvade.m */,
				6CC2CFD120F093E4005A357B /* NSObject+isaInvade.h */,
			);
			path = Object;
			sourceTree = "<group>";
		};
		6CC2CFD220F093E4005A357B /* GestureRecognizer */ = {
			isa = PBXGroup;
			children = (
				6CC2CFD320F093E4005A357B /* UIPanGestureRecognizer+JMC.h */,
				6CC2CFD420F093E4005A357B /* UIPanGestureRecognizer+JMC.m */,
			);
			path = GestureRecognizer;
			sourceTree = "<group>";
		};
		6CC2CFD520F093E4005A357B /* String */ = {
			isa = PBXGroup;
			children = (
				6CC2CFD620F093E4005A357B /* NSString+isaJson.h */,
				6CC2CFD720F093E4005A357B /* NSString+isaValid.m */,
				6CC2CFD820F093E4005A357B /* NSString+isaCategory.h */,
				6CC2CFD920F093E4005A357B /* NSString+JMPath.m */,
				6CC2CFDA20F093E4005A357B /* NSString+isaCategory.m */,
				6CC2CFDB20F093E4005A357B /* NSString+isaValid.h */,
				6CC2CFDC20F093E4005A357B /* NSString+isaJson.m */,
				6CC2CFDD20F093E4005A357B /* NSString+JMPath.h */,
			);
			path = String;
			sourceTree = "<group>";
		};
		6CC2CFDE20F093E4005A357B /* Data */ = {
			isa = PBXGroup;
			children = (
				6CC2CFDF20F093E4005A357B /* NSData+isaGnuZip.m */,
				6CC2CFE020F093E4005A357B /* NSData+isaGnuZip.h */,
			);
			path = Data;
			sourceTree = "<group>";
		};
		D06FF27D1C317B7700AFA9C8 = {
			isa = PBXGroup;
			children = (
				D06FF2C41C31833200AFA9C8 /* README.md */,
				D06FF2C31C31830C00AFA9C8 /* JMTools.podspec */,
				387A2BE01C58A65900C1E262 /* Images.xcassets */,
				6CC2CF9E20F093E4005A357B /* JMCategory */,
				386B47971C586B8D00A9F1B1 /* Example */,
				D06FF2881C317B7700AFA9C8 /* JMTools */,
				D06FF2A21C317B7700AFA9C8 /* JMToolsTests */,
				D06FF2871C317B7700AFA9C8 /* Products */,
				5629710EF63262C60419622C /* Pods */,
				51854039CAEDD833BB3FC91E /* Frameworks */,
			);
			sourceTree = "<group>";
		};
		D06FF2871C317B7700AFA9C8 /* Products */ = {
			isa = PBXGroup;
			children = (
				D06FF2861C317B7700AFA9C8 /* JMTools.app */,
				D06FF29F1C317B7700AFA9C8 /* JMToolsTests.xctest */,
			);
			name = Products;
			sourceTree = "<group>";
		};
		D06FF2881C317B7700AFA9C8 /* JMTools */ = {
			isa = PBXGroup;
			children = (
				D06FF28C1C317B7700AFA9C8 /* AppDelegate.h */,
				D06FF28D1C317B7700AFA9C8 /* AppDelegate.m */,
				D06FF2AE1C317BA000AFA9C8 /* JMTools */,
				D06FF2921C317B7700AFA9C8 /* Main.storyboard */,
				D06FF2951C317B7700AFA9C8 /* Assets.xcassets */,
				D06FF2971C317B7700AFA9C8 /* LaunchScreen.storyboard */,
				D06FF29A1C317B7700AFA9C8 /* Info.plist */,
				D06FF2891C317B7700AFA9C8 /* Supporting Files */,
				387A2BDD1C5872A200C1E262 /* JMExampleTableCtrl.h */,
				387A2BDE1C5872A200C1E262 /* JMExampleTableCtrl.m */,
			);
			path = JMTools;
			sourceTree = "<group>";
		};
		D06FF2891C317B7700AFA9C8 /* Supporting Files */ = {
			isa = PBXGroup;
			children = (
				D06FF28A1C317B7700AFA9C8 /* main.m */,
			);
			name = "Supporting Files";
			sourceTree = "<group>";
		};
		D06FF2A21C317B7700AFA9C8 /* JMToolsTests */ = {
			isa = PBXGroup;
			children = (
				D06FF2A31C317B7700AFA9C8 /* JMToolsTests.m */,
				D06FF2A51C317B7700AFA9C8 /* Info.plist */,
			);
			path = JMToolsTests;
			sourceTree = "<group>";
		};
		D06FF2AE1C317BA000AFA9C8 /* JMTools */ = {
			isa = PBXGroup;
			children = (
				D8436F4F1CEF054A001F663D /* ControllerTransition */,
				385752AC1C4352DC00325909 /* JMCountdownButton.h */,
				385752AD1C4352DC00325909 /* JMCountdownButton.m */,
				D06FF2CD1C39487800AFA9C8 /* JMAesHelper.h */,
				D06FF2CE1C39487800AFA9C8 /* JMAesHelper.m */,
				D8D527E21CAE534F009A21F3 /* JMUISugar.h */,
				D8CD983F1CBBCD0E00FEA296 /* JMUISugar.m */,
				D06FF2C61C318B0700AFA9C8 /* JMLineView.h */,
				D06FF2C71C318B0700AFA9C8 /* JMLineView.m */,
				D06FF2AF1C317BA000AFA9C8 /* JMChooseImageHelper.h */,
				D06FF2B01C317BA000AFA9C8 /* JMChooseImageHelper.m */,
				38909B321C33F129003A2882 /* JMButtonGroup.h */,
				38909B331C33F129003A2882 /* JMButtonGroup.m */,
				D06FF2B11C317BA000AFA9C8 /* JMTimeHelper.h */,
				D06FF2B21C317BA000AFA9C8 /* JMTimeHelper.m */,
				D06FF2B31C317BA000AFA9C8 /* JMZoomScaleImages */,
				38E050AC1C3CA9AE00BD2FE4 /* JMDirectoryMan.h */,
				38E050AD1C3CA9AE00BD2FE4 /* JMDirectoryMan.m */,
				385752A61C41F92100325909 /* JMFileTools.h */,
				385752A71C41F92100325909 /* JMFileTools.m */,
				D060B8AC1C57CEC8007F9DC0 /* JMBannerView.h */,
				D060B8AD1C57CEC8007F9DC0 /* JMBannerView.m */,
				D83C0B841CCF461C00DE3070 /* JMIndexHelper.h */,
				D83C0B851CCF461C00DE3070 /* JMIndexHelper.m */,
				D80936F71CDDC8C400866E5E /* JMMaskView.h */,
				D80936F81CDDC8C400866E5E /* JMMaskView.m */,
			);
			path = JMTools;
			sourceTree = "<group>";
		};
		D06FF2B31C317BA000AFA9C8 /* JMZoomScaleImages */ = {
			isa = PBXGroup;
			children = (
				D06FF2B41C317BA000AFA9C8 /* JMZoomScaleCell.h */,
				D06FF2B51C317BA000AFA9C8 /* JMZoomScaleCell.m */,
				D06FF2B61C317BA000AFA9C8 /* JMZoomScaleView.h */,
				D06FF2B71C317BA000AFA9C8 /* JMZoomScaleView.m */,
				D06FF2B81C317BA000AFA9C8 /* JMZoomScaleView.xib */,
				D06FF2B91C317BA000AFA9C8 /* JMZoomScaleViewCtrl.h */,
				D06FF2BA1C317BA000AFA9C8 /* JMZoomScaleViewCtrl.m */,
				D06FF2BB1C317BA000AFA9C8 /* JMZoomScaleViewCtrl.xib */,
			);
			path = JMZoomScaleImages;
			sourceTree = "<group>";
		};
		D8436F4F1CEF054A001F663D /* ControllerTransition */ = {
			isa = PBXGroup;
			children = (
				D8436F531CEF06FB001F663D /* JMControllerTransitionBase.h */,
				D8436F541CEF06FB001F663D /* JMControllerTransitionBase.m */,
				D8436F561CEF0747001F663D /* JMControllerTransitionPush.h */,
				D8436F571CEF0747001F663D /* JMControllerTransitionPush.m */,
				D8C9C7401CEFF98F00FAB2D1 /* JMCtbMoveToPoint.h */,
				D8C9C7411CEFF98F00FAB2D1 /* JMCtbMoveToPoint.m */,
			);
			name = ControllerTransition;
			sourceTree = "<group>";
		};
/* End PBXGroup section */

/* Begin PBXNativeTarget section */
		D06FF2851C317B7700AFA9C8 /* JMTools */ = {
			isa = PBXNativeTarget;
			buildConfigurationList = D06FF2A81C317B7700AFA9C8 /* Build configuration list for PBXNativeTarget "JMTools" */;
			buildPhases = (
				580CD0524DB7928721452B7F /* [CP] Check Pods Manifest.lock */,
				D06FF2821C317B7700AFA9C8 /* Sources */,
				D06FF2831C317B7700AFA9C8 /* Frameworks */,
				D06FF2841C317B7700AFA9C8 /* Resources */,
			);
			buildRules = (
			);
			dependencies = (
			);
			name = JMTools;
			productName = JMTools;
			productReference = D06FF2861C317B7700AFA9C8 /* JMTools.app */;
			productType = "com.apple.product-type.application";
		};
		D06FF29E1C317B7700AFA9C8 /* JMToolsTests */ = {
			isa = PBXNativeTarget;
			buildConfigurationList = D06FF2AB1C317B7700AFA9C8 /* Build configuration list for PBXNativeTarget "JMToolsTests" */;
			buildPhases = (
				E33E1A032BFD0CE27FAD2C64 /* [CP] Check Pods Manifest.lock */,
				D06FF29B1C317B7700AFA9C8 /* Sources */,
				D06FF29C1C317B7700AFA9C8 /* Frameworks */,
				D06FF29D1C317B7700AFA9C8 /* Resources */,
			);
			buildRules = (
			);
			dependencies = (
				D06FF2A11C317B7700AFA9C8 /* PBXTargetDependency */,
			);
			name = JMToolsTests;
			productName = JMToolsTests;
			productReference = D06FF29F1C317B7700AFA9C8 /* JMToolsTests.xctest */;
			productType = "com.apple.product-type.bundle.unit-test";
		};
/* End PBXNativeTarget section */

/* Begin PBXProject section */
		D06FF27E1C317B7700AFA9C8 /* Project object */ = {
			isa = PBXProject;
			attributes = {
				CLASSPREFIX = JM;
				LastUpgradeCheck = 0720;
				ORGANIZATIONNAME = pitaya;
				TargetAttributes = {
					D06FF2851C317B7700AFA9C8 = {
						CreatedOnToolsVersion = 7.2;
					};
					D06FF29E1C317B7700AFA9C8 = {
						CreatedOnToolsVersion = 7.2;
						TestTargetID = D06FF2851C317B7700AFA9C8;
					};
				};
			};
			buildConfigurationList = D06FF2811C317B7700AFA9C8 /* Build configuration list for PBXProject "JMTools" */;
			compatibilityVersion = "Xcode 3.2";
			developmentRegion = English;
			hasScannedForEncodings = 0;
			knownRegions = (
				en,
				Base,
			);
			mainGroup = D06FF27D1C317B7700AFA9C8;
			productRefGroup = D06FF2871C317B7700AFA9C8 /* Products */;
			projectDirPath = "";
			projectRoot = "";
			targets = (
				D06FF2851C317B7700AFA9C8 /* JMTools */,
				D06FF29E1C317B7700AFA9C8 /* JMToolsTests */,
			);
		};
/* End PBXProject section */

/* Begin PBXResourcesBuildPhase section */
		D06FF2841C317B7700AFA9C8 /* Resources */ = {
			isa = PBXResourcesBuildPhase;
			buildActionMask = 2147483647;
			files = (
				D06FF2991C317B7700AFA9C8 /* LaunchScreen.storyboard in Resources */,
				D06FF2961C317B7700AFA9C8 /* Assets.xcassets in Resources */,
				387A2BE11C58A65900C1E262 /* Images.xcassets in Resources */,
				D06FF2941C317B7700AFA9C8 /* Main.storyboard in Resources */,
				D06FF2C21C317BA000AFA9C8 /* JMZoomScaleViewCtrl.xib in Resources */,
				386B479C1C586BD800A9F1B1 /* JMExampleBannerCtrl.xib in Resources */,
				D06FF2C01C317BA000AFA9C8 /* JMZoomScaleView.xib in Resources */,
				D8436F5D1CEF0C45001F663D /* JMExampleTransitionCtrl.xib in Resources */,
			);
			runOnlyForDeploymentPostprocessing = 0;
		};
		D06FF29D1C317B7700AFA9C8 /* Resources */ = {
			isa = PBXResourcesBuildPhase;
			buildActionMask = 2147483647;
			files = (
			);
			runOnlyForDeploymentPostprocessing = 0;
		};
/* End PBXResourcesBuildPhase section */

/* Begin PBXShellScriptBuildPhase section */
		580CD0524DB7928721452B7F /* [CP] Check Pods Manifest.lock */ = {
			isa = PBXShellScriptBuildPhase;
			buildActionMask = 2147483647;
			files = (
			);
			inputPaths = (
				"${PODS_PODFILE_DIR_PATH}/Podfile.lock",
				"${PODS_ROOT}/Manifest.lock",
			);
			name = "[CP] Check Pods Manifest.lock";
			outputPaths = (
				"$(DERIVED_FILE_DIR)/Pods-JMTools-checkManifestLockResult.txt",
			);
			runOnlyForDeploymentPostprocessing = 0;
			shellPath = /bin/sh;
			shellScript = "diff \"${PODS_PODFILE_DIR_PATH}/Podfile.lock\" \"${PODS_ROOT}/Manifest.lock\" > /dev/null\nif [ $? != 0 ] ; then\n    # print error to STDERR\n    echo \"error: The sandbox is not in sync with the Podfile.lock. Run 'pod install' or update your CocoaPods installation.\" >&2\n    exit 1\nfi\n# This output is used by Xcode 'outputs' to avoid re-running this script phase.\necho \"SUCCESS\" > \"${SCRIPT_OUTPUT_FILE_0}\"\n";
			showEnvVarsInLog = 0;
		};
		E33E1A032BFD0CE27FAD2C64 /* [CP] Check Pods Manifest.lock */ = {
			isa = PBXShellScriptBuildPhase;
			buildActionMask = 2147483647;
			files = (
			);
			inputPaths = (
				"${PODS_PODFILE_DIR_PATH}/Podfile.lock",
				"${PODS_ROOT}/Manifest.lock",
			);
			name = "[CP] Check Pods Manifest.lock";
			outputPaths = (
				"$(DERIVED_FILE_DIR)/Pods-JMToolsTests-checkManifestLockResult.txt",
			);
			runOnlyForDeploymentPostprocessing = 0;
			shellPath = /bin/sh;
			shellScript = "diff \"${PODS_PODFILE_DIR_PATH}/Podfile.lock\" \"${PODS_ROOT}/Manifest.lock\" > /dev/null\nif [ $? != 0 ] ; then\n    # print error to STDERR\n    echo \"error: The sandbox is not in sync with the Podfile.lock. Run 'pod install' or update your CocoaPods installation.\" >&2\n    exit 1\nfi\n# This output is used by Xcode 'outputs' to avoid re-running this script phase.\necho \"SUCCESS\" > \"${SCRIPT_OUTPUT_FILE_0}\"\n";
			showEnvVarsInLog = 0;
		};
/* End PBXShellScriptBuildPhase section */

/* Begin PBXSourcesBuildPhase section */
		D06FF2821C317B7700AFA9C8 /* Sources */ = {
			isa = PBXSourcesBuildPhase;
			buildActionMask = 2147483647;
			files = (
				6CC2CFF820F093E4005A357B /* NSString+isaCategory.m in Sources */,
				D06FF2CF1C39487800AFA9C8 /* JMAesHelper.m in Sources */,
				387A2BDF1C5872A200C1E262 /* JMExampleTableCtrl.m in Sources */,
				6CC2CFEE20F093E4005A357B /* NSTimer+isaPause.m in Sources */,
				D060B8AE1C57CEC8007F9DC0 /* JMBannerView.m in Sources */,
				6CC2CFF520F093E4005A357B /* UIPanGestureRecognizer+JMC.m in Sources */,
				D06FF2BE1C317BA000AFA9C8 /* JMZoomScaleCell.m in Sources */,
				6CC2CFF920F093E4005A357B /* NSString+isaJson.m in Sources */,
				6CC2CFF020F093E4005A357B /* UINavigationController+isaPop.m in Sources */,
				D06FF28E1C317B7700AFA9C8 /* AppDelegate.m in Sources */,
				D06FF28B1C317B7700AFA9C8 /* main.m in Sources */,
				6CC2CFF720F093E4005A357B /* NSString+JMPath.m in Sources */,
				38E050AE1C3CA9AF00BD2FE4 /* JMDirectoryMan.m in Sources */,
				6CC2CFE520F093E4005A357B /* UITableViewCell+isaCategory.m in Sources */,
				6CC2CFF120F093E4005A357B /* NSDictionary+isaJson.m in Sources */,
				6CC2CFE620F093E4005A357B /* UIView+isaCategory.m in Sources */,
				6CC2CFE220F093E4005A357B /* UIView+isaNib.m in Sources */,
				6CC2CFE420F093E4005A357B /* UIView+isaScreenshot.m in Sources */,
				D06FF2C11C317BA000AFA9C8 /* JMZoomScaleViewCtrl.m in Sources */,
				6CC2CFF420F093E4005A357B /* NSObject+isaInvade.m in Sources */,
				6CC2CFE320F093E4005A357B /* UILabel+JMAttributed.m in Sources */,
				D83C0B861CCF461C00DE3070 /* JMIndexHelper.m in Sources */,
				6CC2CFEC20F093E4005A357B /* UIColor+isaHex.m in Sources */,
				38909B341C33F129003A2882 /* JMButtonGroup.m in Sources */,
				6CC2CFF620F093E4005A357B /* NSString+isaValid.m in Sources */,
				D06FF2BC1C317BA000AFA9C8 /* JMChooseImageHelper.m in Sources */,
				6CC2CFF220F093E4005A357B /* UIButton+isaCategory.m in Sources */,
				D8CD98401CBBCD0E00FEA296 /* JMUISugar.m in Sources */,
				D06FF2BF1C317BA000AFA9C8 /* JMZoomScaleView.m in Sources */,
				386B479B1C586BD800A9F1B1 /* JMExampleBannerCtrl.m in Sources */,
				6CC2CFE820F093E4005A357B /* UIAlertView+JMCallback.m in Sources */,
				6CC2CFF320F093E4005A357B /* UITextField+JMMoney.m in Sources */,
				6CC2CFEA20F093E4005A357B /* UIAlertController+JMPresent.m in Sources */,
				6CC2CFE120F093E4005A357B /* UIScrollView+JMFitContent.m in Sources */,
				D06FF2BD1C317BA000AFA9C8 /* JMTimeHelper.m in Sources */,
				6CC2CFFA20F093E4005A357B /* NSData+isaGnuZip.m in Sources */,
				385752AE1C4352DC00325909 /* JMCountdownButton.m in Sources */,
				D8C9C7421CEFF98F00FAB2D1 /* JMCtbMoveToPoint.m in Sources */,
				6CC2CFE720F093E4005A357B /* UIView+isaShake.m in Sources */,
				6CC2CFE920F093E4005A357B /* UIActionSheet+JMCallback.m in Sources */,
				6CC2CFED20F093E4005A357B /* UIColor+isaRandom.m in Sources */,
				6CC2CFEF20F093E4005A357B /* UIImage+JMC.m in Sources */,
				D80936F91CDDC8C400866E5E /* JMMaskView.m in Sources */,
				385752A81C41F92100325909 /* JMFileTools.m in Sources */,
				D06FF2C81C318B0700AFA9C8 /* JMLineView.m in Sources */,
				D8436F581CEF0747001F663D /* JMControllerTransitionPush.m in Sources */,
				D8436F551CEF06FB001F663D /* JMControllerTransitionBase.m in Sources */,
				D8436F5C1CEF0C45001F663D /* JMExampleTransitionCtrl.m in Sources */,
				6CC2CFEB20F093E4005A357B /* UIWebView+JMJavaScript.m in Sources */,
			);
			runOnlyForDeploymentPostprocessing = 0;
		};
		D06FF29B1C317B7700AFA9C8 /* Sources */ = {
			isa = PBXSourcesBuildPhase;
			buildActionMask = 2147483647;
			files = (
				D06FF2A41C317B7700AFA9C8 /* JMToolsTests.m in Sources */,
			);
			runOnlyForDeploymentPostprocessing = 0;
		};
/* End PBXSourcesBuildPhase section */

/* Begin PBXTargetDependency section */
		D06FF2A11C317B7700AFA9C8 /* PBXTargetDependency */ = {
			isa = PBXTargetDependency;
			target = D06FF2851C317B7700AFA9C8 /* JMTools */;
			targetProxy = D06FF2A01C317B7700AFA9C8 /* PBXContainerItemProxy */;
		};
/* End PBXTargetDependency section */

/* Begin PBXVariantGroup section */
		D06FF2921C317B7700AFA9C8 /* Main.storyboard */ = {
			isa = PBXVariantGroup;
			children = (
				D06FF2931C317B7700AFA9C8 /* Base */,
			);
			name = Main.storyboard;
			sourceTree = "<group>";
		};
		D06FF2971C317B7700AFA9C8 /* LaunchScreen.storyboard */ = {
			isa = PBXVariantGroup;
			children = (
				D06FF2981C317B7700AFA9C8 /* Base */,
			);
			name = LaunchScreen.storyboard;
			sourceTree = "<group>";
		};
/* End PBXVariantGroup section */

/* Begin XCBuildConfiguration section */
		D06FF2A61C317B7700AFA9C8 /* Debug */ = {
			isa = XCBuildConfiguration;
			buildSettings = {
				ALWAYS_SEARCH_USER_PATHS = NO;
				CLANG_CXX_LANGUAGE_STANDARD = "gnu++0x";
				CLANG_CXX_LIBRARY = "libc++";
				CLANG_ENABLE_MODULES = YES;
				CLANG_ENABLE_OBJC_ARC = YES;
				CLANG_WARN_BOOL_CONVERSION = YES;
				CLANG_WARN_CONSTANT_CONVERSION = YES;
				CLANG_WARN_DIRECT_OBJC_ISA_USAGE = YES_ERROR;
				CLANG_WARN_EMPTY_BODY = YES;
				CLANG_WARN_ENUM_CONVERSION = YES;
				CLANG_WARN_INT_CONVERSION = YES;
				CLANG_WARN_OBJC_ROOT_CLASS = YES_ERROR;
				CLANG_WARN_UNREACHABLE_CODE = YES;
				CLANG_WARN__DUPLICATE_METHOD_MATCH = YES;
				"CODE_SIGN_IDENTITY[sdk=iphoneos*]" = "iPhone Developer";
				COPY_PHASE_STRIP = NO;
				DEBUG_INFORMATION_FORMAT = dwarf;
				ENABLE_STRICT_OBJC_MSGSEND = YES;
				ENABLE_TESTABILITY = YES;
				GCC_C_LANGUAGE_STANDARD = gnu99;
				GCC_DYNAMIC_NO_PIC = NO;
				GCC_NO_COMMON_BLOCKS = YES;
				GCC_OPTIMIZATION_LEVEL = 0;
				GCC_PREPROCESSOR_DEFINITIONS = (
					"DEBUG=1",
					"$(inherited)",
				);
				GCC_WARN_64_TO_32_BIT_CONVERSION = YES;
				GCC_WARN_ABOUT_RETURN_TYPE = YES_ERROR;
				GCC_WARN_UNDECLARED_SELECTOR = YES;
				GCC_WARN_UNINITIALIZED_AUTOS = YES_AGGRESSIVE;
				GCC_WARN_UNUSED_FUNCTION = YES;
				GCC_WARN_UNUSED_VARIABLE = YES;
				IPHONEOS_DEPLOYMENT_TARGET = 9.2;
				MTL_ENABLE_DEBUG_INFO = YES;
				ONLY_ACTIVE_ARCH = YES;
				SDKROOT = iphoneos;
				TARGETED_DEVICE_FAMILY = "1,2";
			};
			name = Debug;
		};
		D06FF2A71C317B7700AFA9C8 /* Release */ = {
			isa = XCBuildConfiguration;
			buildSettings = {
				ALWAYS_SEARCH_USER_PATHS = NO;
				CLANG_CXX_LANGUAGE_STANDARD = "gnu++0x";
				CLANG_CXX_LIBRARY = "libc++";
				CLANG_ENABLE_MODULES = YES;
				CLANG_ENABLE_OBJC_ARC = YES;
				CLANG_WARN_BOOL_CONVERSION = YES;
				CLANG_WARN_CONSTANT_CONVERSION = YES;
				CLANG_WARN_DIRECT_OBJC_ISA_USAGE = YES_ERROR;
				CLANG_WARN_EMPTY_BODY = YES;
				CLANG_WARN_ENUM_CONVERSION = YES;
				CLANG_WARN_INT_CONVERSION = YES;
				CLANG_WARN_OBJC_ROOT_CLASS = YES_ERROR;
				CLANG_WARN_UNREACHABLE_CODE = YES;
				CLANG_WARN__DUPLICATE_METHOD_MATCH = YES;
				"CODE_SIGN_IDENTITY[sdk=iphoneos*]" = "iPhone Developer";
				COPY_PHASE_STRIP = NO;
				DEBUG_INFORMATION_FORMAT = "dwarf-with-dsym";
				ENABLE_NS_ASSERTIONS = NO;
				ENABLE_STRICT_OBJC_MSGSEND = YES;
				GCC_C_LANGUAGE_STANDARD = gnu99;
				GCC_NO_COMMON_BLOCKS = YES;
				GCC_WARN_64_TO_32_BIT_CONVERSION = YES;
				GCC_WARN_ABOUT_RETURN_TYPE = YES_ERROR;
				GCC_WARN_UNDECLARED_SELECTOR = YES;
				GCC_WARN_UNINITIALIZED_AUTOS = YES_AGGRESSIVE;
				GCC_WARN_UNUSED_FUNCTION = YES;
				GCC_WARN_UNUSED_VARIABLE = YES;
				IPHONEOS_DEPLOYMENT_TARGET = 9.2;
				MTL_ENABLE_DEBUG_INFO = NO;
				SDKROOT = iphoneos;
				TARGETED_DEVICE_FAMILY = "1,2";
				VALIDATE_PRODUCT = YES;
			};
			name = Release;
		};
		D06FF2A91C317B7700AFA9C8 /* Debug */ = {
			isa = XCBuildConfiguration;
			baseConfigurationReference = 66F87415AB9B890E0AD5AF9A /* Pods-JMTools.debug.xcconfig */;
			buildSettings = {
				ASSETCATALOG_COMPILER_APPICON_NAME = AppIcon;
				ENABLE_STRICT_OBJC_MSGSEND = YES;
				INFOPLIST_FILE = JMTools/Info.plist;
				LD_RUNPATH_SEARCH_PATHS = "$(inherited) @executable_path/Frameworks";
				PRODUCT_BUNDLE_IDENTIFIER = com.pitaya.JMTools;
				PRODUCT_NAME = "$(TARGET_NAME)";
			};
			name = Debug;
		};
		D06FF2AA1C317B7700AFA9C8 /* Release */ = {
			isa = XCBuildConfiguration;
			baseConfigurationReference = 24F377511ABC01481C09900D /* Pods-JMTools.release.xcconfig */;
			buildSettings = {
				ASSETCATALOG_COMPILER_APPICON_NAME = AppIcon;
				ENABLE_STRICT_OBJC_MSGSEND = YES;
				INFOPLIST_FILE = JMTools/Info.plist;
				LD_RUNPATH_SEARCH_PATHS = "$(inherited) @executable_path/Frameworks";
				PRODUCT_BUNDLE_IDENTIFIER = com.pitaya.JMTools;
				PRODUCT_NAME = "$(TARGET_NAME)";
			};
			name = Release;
		};
		D06FF2AC1C317B7700AFA9C8 /* Debug */ = {
			isa = XCBuildConfiguration;
			baseConfigurationReference = 8B769C51D344A8C6D952C0A8 /* Pods-JMToolsTests.debug.xcconfig */;
			buildSettings = {
				BUNDLE_LOADER = "$(TEST_HOST)";
				INFOPLIST_FILE = JMToolsTests/Info.plist;
				LD_RUNPATH_SEARCH_PATHS = "$(inherited) @executable_path/Frameworks @loader_path/Frameworks";
				PRODUCT_BUNDLE_IDENTIFIER = com.pitaya.JMToolsTests;
				PRODUCT_NAME = "$(TARGET_NAME)";
				TEST_HOST = "$(BUILT_PRODUCTS_DIR)/JMTools.app/JMTools";
			};
			name = Debug;
		};
		D06FF2AD1C317B7700AFA9C8 /* Release */ = {
			isa = XCBuildConfiguration;
			baseConfigurationReference = B0B1DC2BFFB6DDD72B7F82DA /* Pods-JMToolsTests.release.xcconfig */;
			buildSettings = {
				BUNDLE_LOADER = "$(TEST_HOST)";
				INFOPLIST_FILE = JMToolsTests/Info.plist;
				LD_RUNPATH_SEARCH_PATHS = "$(inherited) @executable_path/Frameworks @loader_path/Frameworks";
				PRODUCT_BUNDLE_IDENTIFIER = com.pitaya.JMToolsTests;
				PRODUCT_NAME = "$(TARGET_NAME)";
				TEST_HOST = "$(BUILT_PRODUCTS_DIR)/JMTools.app/JMTools";
			};
			name = Release;
		};
/* End XCBuildConfiguration section */

/* Begin XCConfigurationList section */
		D06FF2811C317B7700AFA9C8 /* Build configuration list for PBXProject "JMTools" */ = {
			isa = XCConfigurationList;
			buildConfigurations = (
				D06FF2A61C317B7700AFA9C8 /* Debug */,
				D06FF2A71C317B7700AFA9C8 /* Release */,
			);
			defaultConfigurationIsVisible = 0;
			defaultConfigurationName = Release;
		};
		D06FF2A81C317B7700AFA9C8 /* Build configuration list for PBXNativeTarget "JMTools" */ = {
			isa = XCConfigurationList;
			buildConfigurations = (
				D06FF2A91C317B7700AFA9C8 /* Debug */,
				D06FF2AA1C317B7700AFA9C8 /* Release */,
			);
			defaultConfigurationIsVisible = 0;
			defaultConfigurationName = Release;
		};
		D06FF2AB1C317B7700AFA9C8 /* Build configuration list for PBXNativeTarget "JMToolsTests" */ = {
			isa = XCConfigurationList;
			buildConfigurations = (
				D06FF2AC1C317B7700AFA9C8 /* Debug */,
				D06FF2AD1C317B7700AFA9C8 /* Release */,
			);
			defaultConfigurationIsVisible = 0;
			defaultConfigurationName = Release;
		};
/* End XCConfigurationList section */
	};
	rootObject = D06FF27E1C317B7700AFA9C8 /* Project object */;
}
